// !$*UTF8*$!
{
	archiveVersion = 1;
	classes = {
	};
	objectVersion = 70;
	objects = {

/* Begin PBXBuildFile section */
		7C01F1052CC118D5004D15B4 /* AudioSession.swift in Sources */ = {isa = PBXBuildFile; fileRef = 7C01F1042CC118D2004D15B4 /* AudioSession.swift */; };
		7C0484E02CA5AE4F009EC427 /* DownloadManageView.swift in Sources */ = {isa = PBXBuildFile; fileRef = 7C0484DF2CA5AE3E009EC427 /* DownloadManageView.swift */; };
		7C1206232C7851BD0004B08A /* SwiftUIExtension.swift in Sources */ = {isa = PBXBuildFile; fileRef = 7C310E862C454FAB00E9143F /* SwiftUIExtension.swift */; };
		7C2F55E92C96832C00BA11D1 /* RemoteCommandManager.swift in Sources */ = {isa = PBXBuildFile; fileRef = 7C2F55E82C96832300BA11D1 /* RemoteCommandManager.swift */; };
		7C310E8C2C454FAB00E9143F /* SearchModel.swift in Sources */ = {isa = PBXBuildFile; fileRef = 7C310E7C2C454FAB00E9143F /* SearchModel.swift */; };
		7C310E8D2C454FAB00E9143F /* OpenSourcePage.swift in Sources */ = {isa = PBXBuildFile; fileRef = 7C310E7D2C454FAB00E9143F /* OpenSourcePage.swift */; };
		7C310E8E2C454FAB00E9143F /* LoginPage.swift in Sources */ = {isa = PBXBuildFile; fileRef = 7C310E7E2C454FAB00E9143F /* LoginPage.swift */; };
		7C310E8F2C454FAB00E9143F /* DateExtension.swift in Sources */ = {isa = PBXBuildFile; fileRef = 7C310E7F2C454FAB00E9143F /* DateExtension.swift */; };
		7C310E912C454FAB00E9143F /* AsyncButton.swift in Sources */ = {isa = PBXBuildFile; fileRef = 7C310E812C454FAB00E9143F /* AsyncButton.swift */; };
		7C310E922C454FAB00E9143F /* LoginModel.swift in Sources */ = {isa = PBXBuildFile; fileRef = 7C310E822C454FAB00E9143F /* LoginModel.swift */; };
		7C310E932C454FAB00E9143F /* SearchPage.swift in Sources */ = {isa = PBXBuildFile; fileRef = 7C310E832C454FAB00E9143F /* SearchPage.swift */; };
		7C310E942C454FAB00E9143F /* ContentView.swift in Sources */ = {isa = PBXBuildFile; fileRef = 7C310E842C454FAB00E9143F /* ContentView.swift */; };
		7C310E952C454FAB00E9143F /* AlertButton.swift in Sources */ = {isa = PBXBuildFile; fileRef = 7C310E852C454FAB00E9143F /* AlertButton.swift */; };
		7C310E962C454FAB00E9143F /* SwiftUIExtension.swift in Sources */ = {isa = PBXBuildFile; fileRef = 7C310E862C454FAB00E9143F /* SwiftUIExtension.swift */; };
		7C310E972C454FAB00E9143F /* UserInfoPage.swift in Sources */ = {isa = PBXBuildFile; fileRef = 7C310E872C454FAB00E9143F /* UserInfoPage.swift */; };
		7C310E982C454FAB00E9143F /* AlamofireExtension.swift in Sources */ = {isa = PBXBuildFile; fileRef = 7C310E882C454FAB00E9143F /* AlamofireExtension.swift */; };
		7C310E992C454FAB00E9143F /* ErrorExtension.swift in Sources */ = {isa = PBXBuildFile; fileRef = 7C310E892C454FAB00E9143F /* ErrorExtension.swift */; };
		7C310E9A2C454FAB00E9143F /* TuneWaveApp.swift in Sources */ = {isa = PBXBuildFile; fileRef = 7C310E8A2C454FAB00E9143F /* TuneWaveApp.swift */; };
		7C310E9B2C454FAB00E9143F /* ImageExtension.swift in Sources */ = {isa = PBXBuildFile; fileRef = 7C310E8B2C454FAB00E9143F /* ImageExtension.swift */; };
		7C310EA12C454FBA00E9143F /* MusicModel.swift in Sources */ = {isa = PBXBuildFile; fileRef = 7C310E9D2C454FBA00E9143F /* MusicModel.swift */; };
		7C310EA22C454FBA00E9143F /* MusicLoadingPage.swift in Sources */ = {isa = PBXBuildFile; fileRef = 7C310E9E2C454FBA00E9143F /* MusicLoadingPage.swift */; };
		7C310EA32C454FBA00E9143F /* MusicRow.swift in Sources */ = {isa = PBXBuildFile; fileRef = 7C310E9F2C454FBA00E9143F /* MusicRow.swift */; };
		7C310EA82C454FBE00E9143F /* MyPlayListPage.swift in Sources */ = {isa = PBXBuildFile; fileRef = 7C310EA42C454FBE00E9143F /* MyPlayListPage.swift */; };
		7C310EA92C454FBE00E9143F /* PlayListDetailPage.swift in Sources */ = {isa = PBXBuildFile; fileRef = 7C310EA52C454FBE00E9143F /* PlayListDetailPage.swift */; };
		7C310EAA2C454FBE00E9143F /* PlaylistModel.swift in Sources */ = {isa = PBXBuildFile; fileRef = 7C310EA62C454FBE00E9143F /* PlaylistModel.swift */; };
		7C310EAD2C454FC200E9143F /* SettingPage.swift in Sources */ = {isa = PBXBuildFile; fileRef = 7C310EAB2C454FC200E9143F /* SettingPage.swift */; };
		7C310EB02C454FD600E9143F /* SDWebImageSwiftUI in Frameworks */ = {isa = PBXBuildFile; productRef = 7C310EAF2C454FD600E9143F /* SDWebImageSwiftUI */; };
		7C310EB32C45503900E9143F /* YiUserContainer.swift in Sources */ = {isa = PBXBuildFile; fileRef = 7C310EB22C45503900E9143F /* YiUserContainer.swift */; };
		7C310EB62C4550D000E9143F /* CacheableAlamofire.swift in Sources */ = {isa = PBXBuildFile; fileRef = 7C310EB52C4550D000E9143F /* CacheableAlamofire.swift */; };
		7C310EB82C45518B00E9143F /* MusicLoader.swift in Sources */ = {isa = PBXBuildFile; fileRef = 7C310EB72C45518B00E9143F /* MusicLoader.swift */; };
		7C310EBA2C4551AC00E9143F /* MusicLoadingViewModel.swift in Sources */ = {isa = PBXBuildFile; fileRef = 7C310EB92C4551AC00E9143F /* MusicLoadingViewModel.swift */; };
		7C310EBC2C45526500E9143F /* YiImageCompressor.swift in Sources */ = {isa = PBXBuildFile; fileRef = 7C310EBB2C45526500E9143F /* YiImageCompressor.swift */; };
		7C310EBF2C45535800E9143F /* NeverErrorView.swift in Sources */ = {isa = PBXBuildFile; fileRef = 7C310EBE2C45535800E9143F /* NeverErrorView.swift */; };
		7C310EC12C45542F00E9143F /* YiResponseError.swift in Sources */ = {isa = PBXBuildFile; fileRef = 7C310EC02C45542F00E9143F /* YiResponseError.swift */; };
		7C310EC32C4554D000E9143F /* AVPlayerHolder.swift in Sources */ = {isa = PBXBuildFile; fileRef = 7C310EC22C4554D000E9143F /* AVPlayerHolder.swift */; };
		7C310EC62C45555F00E9143F /* ErrorView.swift in Sources */ = {isa = PBXBuildFile; fileRef = 7C310EC52C45555F00E9143F /* ErrorView.swift */; };
		7C310EC82C45577100E9143F /* NeverError.swift in Sources */ = {isa = PBXBuildFile; fileRef = 7C310EC72C45577100E9143F /* NeverError.swift */; };
		7C310ECB2C455C7200E9143F /* TempFileCreator.swift in Sources */ = {isa = PBXBuildFile; fileRef = 7C310ECA2C455C7200E9143F /* TempFileCreator.swift */; };
		7C310ECE2C455EFA00E9143F /* AboutPage.swift in Sources */ = {isa = PBXBuildFile; fileRef = 7C310ECD2C455EFA00E9143F /* AboutPage.swift */; };
		7C310ED22C46439300E9143F /* MusicPlayingPage.swift in Sources */ = {isa = PBXBuildFile; fileRef = 7C310ED12C46439300E9143F /* MusicPlayingPage.swift */; };
		7C44BA132C1C7DC7008DB511 /* Alamofire in Frameworks */ = {isa = PBXBuildFile; productRef = 7C44BA122C1C7DC7008DB511 /* Alamofire */; };
		7C44BA182C1C7DDC008DB511 /* SwiftyJSON in Frameworks */ = {isa = PBXBuildFile; productRef = 7C44BA172C1C7DDC008DB511 /* SwiftyJSON */; };
		7C48634A2C947D5F00FC6BA6 /* CleanerView.swift in Sources */ = {isa = PBXBuildFile; fileRef = 7C4863492C947D5B00FC6BA6 /* CleanerView.swift */; };
		7C48634C2C9576E000FC6BA6 /* IgnoreSlientModeView.swift in Sources */ = {isa = PBXBuildFile; fileRef = 7C48634B2C9576DB00FC6BA6 /* IgnoreSlientModeView.swift */; };
		7C80A2B52C4686A700A8807C /* UserInfoView.swift in Sources */ = {isa = PBXBuildFile; fileRef = 7C80A2B42C4686A700A8807C /* UserInfoView.swift */; };
		7C8F5CA22C4FB29E0068D739 /* DisclaimerContent.md in Resources */ = {isa = PBXBuildFile; fileRef = 7C8F5CA02C4FB29E0068D739 /* DisclaimerContent.md */; };
		7C8F5CA32C4FB29E0068D739 /* DisclaimerView.swift in Sources */ = {isa = PBXBuildFile; fileRef = 7C8F5CA12C4FB29E0068D739 /* DisclaimerView.swift */; };
		7C91BBEC2CA3AB6E00877F71 /* EFQRCode in Frameworks */ = {isa = PBXBuildFile; productRef = 7C91BBEB2CA3AB6E00877F71 /* EFQRCode */; };
		7C94F1F92C4FE18900D05579 /* NetworkTester.swift in Sources */ = {isa = PBXBuildFile; fileRef = 7C94F1F82C4FE18900D05579 /* NetworkTester.swift */; };
		7C94F1FB2C4FE6C700D05579 /* PlayListCachedPage.swift in Sources */ = {isa = PBXBuildFile; fileRef = 7C94F1FA2C4FE6C700D05579 /* PlayListCachedPage.swift */; };
		7C9DC4E22C7833E0007AA080 /* LyricsView.swift in Sources */ = {isa = PBXBuildFile; fileRef = 7C9DC4E12C7833E0007AA080 /* LyricsView.swift */; };
		7C9DC4E42C7833F6007AA080 /* LyricsModel.swift in Sources */ = {isa = PBXBuildFile; fileRef = 7C9DC4E32C7833F6007AA080 /* LyricsModel.swift */; };
		7CA4FD922CEAD95F00D5A1B7 /* PlayListMenuView.swift in Sources */ = {isa = PBXBuildFile; fileRef = 7CA4FD912CEAD95900D5A1B7 /* PlayListMenuView.swift */; };
		7CB18B3B2C490DD90042DB8B /* AnimatedLoadingView.swift in Sources */ = {isa = PBXBuildFile; fileRef = 7CB18B3A2C490DD90042DB8B /* AnimatedLoadingView.swift */; };
		7CB18B3D2C490EB30042DB8B /* YiMusicLogo.usdz in Resources */ = {isa = PBXBuildFile; fileRef = 7CB18B3C2C490EB30042DB8B /* YiMusicLogo.usdz */; };
		7CB18B412C491FA80042DB8B /* URLRequestExtension.swift in Sources */ = {isa = PBXBuildFile; fileRef = 7CB18B402C491FA80042DB8B /* URLRequestExtension.swift */; };
		7CB3D2402C1A6E41004A186D /* TuneWaveApp.swift in Sources */ = {isa = PBXBuildFile; fileRef = 7CB3D23F2C1A6E41004A186D /* TuneWaveApp.swift */; };
		7CB3D2422C1A6E41004A186D /* ContentView.swift in Sources */ = {isa = PBXBuildFile; fileRef = 7CB3D2412C1A6E41004A186D /* ContentView.swift */; };
		7CB3D2442C1A6E43004A186D /* Assets.xcassets in Resources */ = {isa = PBXBuildFile; fileRef = 7CB3D2432C1A6E43004A186D /* Assets.xcassets */; };
		7CB3D2472C1A6E43004A186D /* Preview Assets.xcassets in Resources */ = {isa = PBXBuildFile; fileRef = 7CB3D2462C1A6E43004A186D /* Preview Assets.xcassets */; };
		7CB3D2512C1A6E43004A186D /* TuneWaveTests.swift in Sources */ = {isa = PBXBuildFile; fileRef = 7CB3D2502C1A6E43004A186D /* TuneWaveTests.swift */; };
		7CB3D25B2C1A6E43004A186D /* TuneWaveUITests.swift in Sources */ = {isa = PBXBuildFile; fileRef = 7CB3D25A2C1A6E43004A186D /* TuneWaveUITests.swift */; };
		7CB3D25D2C1A6E43004A186D /* TuneWaveUITestsLaunchTests.swift in Sources */ = {isa = PBXBuildFile; fileRef = 7CB3D25C2C1A6E43004A186D /* TuneWaveUITestsLaunchTests.swift */; };
		7CB3D2632C1A6E43004A186D /* TuneWave Watch App.app in Embed Watch Content */ = {isa = PBXBuildFile; fileRef = 7CB3D2622C1A6E43004A186D /* TuneWave Watch App.app */; settings = {ATTRIBUTES = (RemoveHeadersOnCopy, ); }; };
		7CB3D2682C1A6E43004A186D /* TuneWaveApp.swift in Sources */ = {isa = PBXBuildFile; fileRef = 7CB3D2672C1A6E43004A186D /* TuneWaveApp.swift */; };
		7CB3D26A2C1A6E43004A186D /* ContentView.swift in Sources */ = {isa = PBXBuildFile; fileRef = 7CB3D2692C1A6E43004A186D /* ContentView.swift */; };
		7CB3D26C2C1A6E44004A186D /* Assets.xcassets in Resources */ = {isa = PBXBuildFile; fileRef = 7CB3D26B2C1A6E44004A186D /* Assets.xcassets */; };
		7CB3D26F2C1A6E44004A186D /* Preview Assets.xcassets in Resources */ = {isa = PBXBuildFile; fileRef = 7CB3D26E2C1A6E44004A186D /* Preview Assets.xcassets */; };
		7CB3D2792C1A6E44004A186D /* TuneWave_Watch_AppTests.swift in Sources */ = {isa = PBXBuildFile; fileRef = 7CB3D2782C1A6E44004A186D /* TuneWave_Watch_AppTests.swift */; };
		7CB3D2832C1A6E44004A186D /* TuneWave_Watch_AppUITests.swift in Sources */ = {isa = PBXBuildFile; fileRef = 7CB3D2822C1A6E44004A186D /* TuneWave_Watch_AppUITests.swift */; };
		7CB3D2852C1A6E44004A186D /* TuneWave_Watch_AppUITestsLaunchTests.swift in Sources */ = {isa = PBXBuildFile; fileRef = 7CB3D2842C1A6E44004A186D /* TuneWave_Watch_AppUITestsLaunchTests.swift */; };
		7CD26E942C968AF50043805E /* NowPlayManager.swift in Sources */ = {isa = PBXBuildFile; fileRef = 7CD26E932C968AED0043805E /* NowPlayManager.swift */; };
		7CD3E5FE2C7AEC5500AAB023 /* FileExtension.swift in Sources */ = {isa = PBXBuildFile; fileRef = 7CD3E5FD2C7AEC5000AAB023 /* FileExtension.swift */; };
		7CD55D602CA8D73D00AC09DD /* SeekSettings.swift in Sources */ = {isa = PBXBuildFile; fileRef = 7CD55D5F2CA8D73200AC09DD /* SeekSettings.swift */; };
		7CDA978E2C4A08D7009BD0E5 /* AVPlayerExtension.swift in Sources */ = {isa = PBXBuildFile; fileRef = 7CDA978D2C4A08D7009BD0E5 /* AVPlayerExtension.swift */; };
		7CDC2EEC2CAE792B0056DDA7 /* Environments.swift in Sources */ = {isa = PBXBuildFile; fileRef = 7CDC2EEB2CAE792B0056DDA7 /* Environments.swift */; };
		7CDC2EED2CAE794F0056DDA7 /* Environments.swift in Sources */ = {isa = PBXBuildFile; fileRef = 7CDC2EEB2CAE792B0056DDA7 /* Environments.swift */; };
		7CE67AB92C64CA2E00979669 /* QRLoginView.swift in Sources */ = {isa = PBXBuildFile; fileRef = 7CE67AB82C64CA2E00979669 /* QRLoginView.swift */; };
		7CE67ABB2C64CA3500979669 /* QRLoginViewModel.swift in Sources */ = {isa = PBXBuildFile; fileRef = 7CE67ABA2C64CA3500979669 /* QRLoginViewModel.swift */; };
		7CEB292A2C59D91800E2A3D8 /* OnlineToLocalConverter.swift in Sources */ = {isa = PBXBuildFile; fileRef = 7CEB29292C59D91800E2A3D8 /* OnlineToLocalConverter.swift */; };
		7CEB292C2C59E77F00E2A3D8 /* MusciPlayingListPage.swift in Sources */ = {isa = PBXBuildFile; fileRef = 7CEB292B2C59E77F00E2A3D8 /* MusciPlayingListPage.swift */; };
		7CEEE7162CEC890C00137873 /* ColorThief.swift in Sources */ = {isa = PBXBuildFile; fileRef = 7CEEE7142CEC890C00137873 /* ColorThief.swift */; };
		7CEEE7172CEC890C00137873 /* MMCQ.swift in Sources */ = {isa = PBXBuildFile; fileRef = 7CEEE7152CEC890C00137873 /* MMCQ.swift */; };
		7CEEE71A2CEC892200137873 /* FlowBackground.swift in Sources */ = {isa = PBXBuildFile; fileRef = 7CEEE7192CEC892200137873 /* FlowBackground.swift */; };
		7CEEE71C2CEC899000137873 /* LyricsBackgroundView.swift in Sources */ = {isa = PBXBuildFile; fileRef = 7CEEE71B2CEC898C00137873 /* LyricsBackgroundView.swift */; };
		7CEEE71E2CEC8C6C00137873 /* LyricsViewOS10.swift in Sources */ = {isa = PBXBuildFile; fileRef = 7CEEE71D2CEC8C6800137873 /* LyricsViewOS10.swift */; };
		7CFE33CD2C4B84E700BA77F4 /* DeveloperContactGenerator.swift in Sources */ = {isa = PBXBuildFile; fileRef = 7CFE33CC2C4B84E700BA77F4 /* DeveloperContactGenerator.swift */; };
/* End PBXBuildFile section */

/* Begin PBXContainerItemProxy section */
		7CB3D24D2C1A6E43004A186D /* PBXContainerItemProxy */ = {
			isa = PBXContainerItemProxy;
			containerPortal = 7CB3D2342C1A6E41004A186D /* Project object */;
			proxyType = 1;
			remoteGlobalIDString = 7CB3D23B2C1A6E41004A186D;
			remoteInfo = TuneWave;
		};
		7CB3D2572C1A6E43004A186D /* PBXContainerItemProxy */ = {
			isa = PBXContainerItemProxy;
			containerPortal = 7CB3D2342C1A6E41004A186D /* Project object */;
			proxyType = 1;
			remoteGlobalIDString = 7CB3D23B2C1A6E41004A186D;
			remoteInfo = TuneWave;
		};
		7CB3D2642C1A6E43004A186D /* PBXContainerItemProxy */ = {
			isa = PBXContainerItemProxy;
			containerPortal = 7CB3D2342C1A6E41004A186D /* Project object */;
			proxyType = 1;
			remoteGlobalIDString = 7CB3D2612C1A6E43004A186D;
			remoteInfo = "TuneWave Watch App";
		};
		7CB3D2752C1A6E44004A186D /* PBXContainerItemProxy */ = {
			isa = PBXContainerItemProxy;
			containerPortal = 7CB3D2342C1A6E41004A186D /* Project object */;
			proxyType = 1;
			remoteGlobalIDString = 7CB3D2612C1A6E43004A186D;
			remoteInfo = "TuneWave Watch App";
		};
		7CB3D27F2C1A6E44004A186D /* PBXContainerItemProxy */ = {
			isa = PBXContainerItemProxy;
			containerPortal = 7CB3D2342C1A6E41004A186D /* Project object */;
			proxyType = 1;
			remoteGlobalIDString = 7CB3D2612C1A6E43004A186D;
			remoteInfo = "TuneWave Watch App";
		};
/* End PBXContainerItemProxy section */

/* Begin PBXCopyFilesBuildPhase section */
		7C44BA1A2C1C7E0D008DB511 /* Embed Frameworks */ = {
			isa = PBXCopyFilesBuildPhase;
			buildActionMask = 2147483647;
			dstPath = "";
			dstSubfolderSpec = 10;
			files = (
			);
			name = "Embed Frameworks";
			runOnlyForDeploymentPostprocessing = 0;
		};
		7CB3D28B2C1A6E44004A186D /* Embed Watch Content */ = {
			isa = PBXCopyFilesBuildPhase;
			buildActionMask = 2147483647;
			dstPath = "$(CONTENTS_FOLDER_PATH)/Watch";
			dstSubfolderSpec = 16;
			files = (
				7CB3D2632C1A6E43004A186D /* TuneWave Watch App.app in Embed Watch Content */,
			);
			name = "Embed Watch Content";
			runOnlyForDeploymentPostprocessing = 0;
		};
/* End PBXCopyFilesBuildPhase section */

/* Begin PBXFileReference section */
		7C01F1042CC118D2004D15B4 /* AudioSession.swift */ = {isa = PBXFileReference; lastKnownFileType = sourcecode.swift; path = AudioSession.swift; sourceTree = "<group>"; };
		7C0484DF2CA5AE3E009EC427 /* DownloadManageView.swift */ = {isa = PBXFileReference; lastKnownFileType = sourcecode.swift; path = DownloadManageView.swift; sourceTree = "<group>"; };
		7C2F55E82C96832300BA11D1 /* RemoteCommandManager.swift */ = {isa = PBXFileReference; lastKnownFileType = sourcecode.swift; path = RemoteCommandManager.swift; sourceTree = "<group>"; };
		7C310E7C2C454FAB00E9143F /* SearchModel.swift */ = {isa = PBXFileReference; fileEncoding = 4; lastKnownFileType = sourcecode.swift; path = SearchModel.swift; sourceTree = "<group>"; };
		7C310E7D2C454FAB00E9143F /* OpenSourcePage.swift */ = {isa = PBXFileReference; fileEncoding = 4; lastKnownFileType = sourcecode.swift; path = OpenSourcePage.swift; sourceTree = "<group>"; };
		7C310E7E2C454FAB00E9143F /* LoginPage.swift */ = {isa = PBXFileReference; fileEncoding = 4; lastKnownFileType = sourcecode.swift; path = LoginPage.swift; sourceTree = "<group>"; };
		7C310E7F2C454FAB00E9143F /* DateExtension.swift */ = {isa = PBXFileReference; fileEncoding = 4; lastKnownFileType = sourcecode.swift; path = DateExtension.swift; sourceTree = "<group>"; };
		7C310E812C454FAB00E9143F /* AsyncButton.swift */ = {isa = PBXFileReference; fileEncoding = 4; lastKnownFileType = sourcecode.swift; path = AsyncButton.swift; sourceTree = "<group>"; };
		7C310E822C454FAB00E9143F /* LoginModel.swift */ = {isa = PBXFileReference; fileEncoding = 4; lastKnownFileType = sourcecode.swift; path = LoginModel.swift; sourceTree = "<group>"; };
		7C310E832C454FAB00E9143F /* SearchPage.swift */ = {isa = PBXFileReference; fileEncoding = 4; lastKnownFileType = sourcecode.swift; path = SearchPage.swift; sourceTree = "<group>"; };
		7C310E842C454FAB00E9143F /* ContentView.swift */ = {isa = PBXFileReference; fileEncoding = 4; lastKnownFileType = sourcecode.swift; path = ContentView.swift; sourceTree = "<group>"; };
		7C310E852C454FAB00E9143F /* AlertButton.swift */ = {isa = PBXFileReference; fileEncoding = 4; lastKnownFileType = sourcecode.swift; path = AlertButton.swift; sourceTree = "<group>"; };
		7C310E862C454FAB00E9143F /* SwiftUIExtension.swift */ = {isa = PBXFileReference; fileEncoding = 4; lastKnownFileType = sourcecode.swift; path = SwiftUIExtension.swift; sourceTree = "<group>"; };
		7C310E872C454FAB00E9143F /* UserInfoPage.swift */ = {isa = PBXFileReference; fileEncoding = 4; lastKnownFileType = sourcecode.swift; path = UserInfoPage.swift; sourceTree = "<group>"; };
		7C310E882C454FAB00E9143F /* AlamofireExtension.swift */ = {isa = PBXFileReference; fileEncoding = 4; lastKnownFileType = sourcecode.swift; path = AlamofireExtension.swift; sourceTree = "<group>"; };
		7C310E892C454FAB00E9143F /* ErrorExtension.swift */ = {isa = PBXFileReference; fileEncoding = 4; lastKnownFileType = sourcecode.swift; path = ErrorExtension.swift; sourceTree = "<group>"; };
		7C310E8A2C454FAB00E9143F /* TuneWaveApp.swift */ = {isa = PBXFileReference; fileEncoding = 4; lastKnownFileType = sourcecode.swift; path = TuneWaveApp.swift; sourceTree = "<group>"; };
		7C310E8B2C454FAB00E9143F /* ImageExtension.swift */ = {isa = PBXFileReference; fileEncoding = 4; lastKnownFileType = sourcecode.swift; path = ImageExtension.swift; sourceTree = "<group>"; };
		7C310E9D2C454FBA00E9143F /* MusicModel.swift */ = {isa = PBXFileReference; fileEncoding = 4; lastKnownFileType = sourcecode.swift; path = MusicModel.swift; sourceTree = "<group>"; };
		7C310E9E2C454FBA00E9143F /* MusicLoadingPage.swift */ = {isa = PBXFileReference; fileEncoding = 4; lastKnownFileType = sourcecode.swift; path = MusicLoadingPage.swift; sourceTree = "<group>"; };
		7C310E9F2C454FBA00E9143F /* MusicRow.swift */ = {isa = PBXFileReference; fileEncoding = 4; lastKnownFileType = sourcecode.swift; path = MusicRow.swift; sourceTree = "<group>"; };
		7C310EA42C454FBE00E9143F /* MyPlayListPage.swift */ = {isa = PBXFileReference; fileEncoding = 4; lastKnownFileType = sourcecode.swift; path = MyPlayListPage.swift; sourceTree = "<group>"; };
		7C310EA52C454FBE00E9143F /* PlayListDetailPage.swift */ = {isa = PBXFileReference; fileEncoding = 4; lastKnownFileType = sourcecode.swift; path = PlayListDetailPage.swift; sourceTree = "<group>"; };
		7C310EA62C454FBE00E9143F /* PlaylistModel.swift */ = {isa = PBXFileReference; fileEncoding = 4; lastKnownFileType = sourcecode.swift; path = PlaylistModel.swift; sourceTree = "<group>"; };
		7C310EAB2C454FC200E9143F /* SettingPage.swift */ = {isa = PBXFileReference; fileEncoding = 4; lastKnownFileType = sourcecode.swift; path = SettingPage.swift; sourceTree = "<group>"; };
		7C310EB22C45503900E9143F /* YiUserContainer.swift */ = {isa = PBXFileReference; lastKnownFileType = sourcecode.swift; path = YiUserContainer.swift; sourceTree = "<group>"; };
		7C310EB52C4550D000E9143F /* CacheableAlamofire.swift */ = {isa = PBXFileReference; lastKnownFileType = sourcecode.swift; path = CacheableAlamofire.swift; sourceTree = "<group>"; };
		7C310EB72C45518B00E9143F /* MusicLoader.swift */ = {isa = PBXFileReference; lastKnownFileType = sourcecode.swift; path = MusicLoader.swift; sourceTree = "<group>"; };
		7C310EB92C4551AC00E9143F /* MusicLoadingViewModel.swift */ = {isa = PBXFileReference; lastKnownFileType = sourcecode.swift; path = MusicLoadingViewModel.swift; sourceTree = "<group>"; };
		7C310EBB2C45526500E9143F /* YiImageCompressor.swift */ = {isa = PBXFileReference; lastKnownFileType = sourcecode.swift; path = YiImageCompressor.swift; sourceTree = "<group>"; };
		7C310EBE2C45535800E9143F /* NeverErrorView.swift */ = {isa = PBXFileReference; lastKnownFileType = sourcecode.swift; path = NeverErrorView.swift; sourceTree = "<group>"; };
		7C310EC02C45542F00E9143F /* YiResponseError.swift */ = {isa = PBXFileReference; lastKnownFileType = sourcecode.swift; path = YiResponseError.swift; sourceTree = "<group>"; };
		7C310EC22C4554D000E9143F /* AVPlayerHolder.swift */ = {isa = PBXFileReference; lastKnownFileType = sourcecode.swift; path = AVPlayerHolder.swift; sourceTree = "<group>"; };
		7C310EC52C45555F00E9143F /* ErrorView.swift */ = {isa = PBXFileReference; lastKnownFileType = sourcecode.swift; path = ErrorView.swift; sourceTree = "<group>"; };
		7C310EC72C45577100E9143F /* NeverError.swift */ = {isa = PBXFileReference; lastKnownFileType = sourcecode.swift; path = NeverError.swift; sourceTree = "<group>"; };
		7C310ECA2C455C7200E9143F /* TempFileCreator.swift */ = {isa = PBXFileReference; lastKnownFileType = sourcecode.swift; path = TempFileCreator.swift; sourceTree = "<group>"; };
		7C310ECD2C455EFA00E9143F /* AboutPage.swift */ = {isa = PBXFileReference; lastKnownFileType = sourcecode.swift; path = AboutPage.swift; sourceTree = "<group>"; };
		7C310ED02C456F4700E9143F /* TuneWave-Watch-App-Info.plist */ = {isa = PBXFileReference; lastKnownFileType = text.plist.xml; path = "TuneWave-Watch-App-Info.plist"; sourceTree = SOURCE_ROOT; };
		7C310ED12C46439300E9143F /* MusicPlayingPage.swift */ = {isa = PBXFileReference; lastKnownFileType = sourcecode.swift; path = MusicPlayingPage.swift; sourceTree = "<group>"; };
		7C4863492C947D5B00FC6BA6 /* CleanerView.swift */ = {isa = PBXFileReference; lastKnownFileType = sourcecode.swift; path = CleanerView.swift; sourceTree = "<group>"; };
		7C48634B2C9576DB00FC6BA6 /* IgnoreSlientModeView.swift */ = {isa = PBXFileReference; lastKnownFileType = sourcecode.swift; path = IgnoreSlientModeView.swift; sourceTree = "<group>"; };
		7C80A2B42C4686A700A8807C /* UserInfoView.swift */ = {isa = PBXFileReference; lastKnownFileType = sourcecode.swift; path = UserInfoView.swift; sourceTree = "<group>"; };
		7C8F5CA02C4FB29E0068D739 /* DisclaimerContent.md */ = {isa = PBXFileReference; fileEncoding = 4; lastKnownFileType = net.daringfireball.markdown; path = DisclaimerContent.md; sourceTree = "<group>"; };
		7C8F5CA12C4FB29E0068D739 /* DisclaimerView.swift */ = {isa = PBXFileReference; fileEncoding = 4; lastKnownFileType = sourcecode.swift; path = DisclaimerView.swift; sourceTree = "<group>"; };
		7C94F1F82C4FE18900D05579 /* NetworkTester.swift */ = {isa = PBXFileReference; lastKnownFileType = sourcecode.swift; path = NetworkTester.swift; sourceTree = "<group>"; };
		7C94F1FA2C4FE6C700D05579 /* PlayListCachedPage.swift */ = {isa = PBXFileReference; lastKnownFileType = sourcecode.swift; path = PlayListCachedPage.swift; sourceTree = "<group>"; };
		7C9DC4E12C7833E0007AA080 /* LyricsView.swift */ = {isa = PBXFileReference; lastKnownFileType = sourcecode.swift; path = LyricsView.swift; sourceTree = "<group>"; };
		7C9DC4E32C7833F6007AA080 /* LyricsModel.swift */ = {isa = PBXFileReference; lastKnownFileType = sourcecode.swift; path = LyricsModel.swift; sourceTree = "<group>"; };
		7CA4FD912CEAD95900D5A1B7 /* PlayListMenuView.swift */ = {isa = PBXFileReference; lastKnownFileType = sourcecode.swift; path = PlayListMenuView.swift; sourceTree = "<group>"; };
		7CB18B3A2C490DD90042DB8B /* AnimatedLoadingView.swift */ = {isa = PBXFileReference; fileEncoding = 4; lastKnownFileType = sourcecode.swift; path = AnimatedLoadingView.swift; sourceTree = "<group>"; };
		7CB18B3C2C490EB30042DB8B /* YiMusicLogo.usdz */ = {isa = PBXFileReference; lastKnownFileType = file.usdz; path = YiMusicLogo.usdz; sourceTree = "<group>"; };
		7CB18B402C491FA80042DB8B /* URLRequestExtension.swift */ = {isa = PBXFileReference; fileEncoding = 4; lastKnownFileType = sourcecode.swift; path = URLRequestExtension.swift; sourceTree = "<group>"; };
		7CB3D23C2C1A6E41004A186D /* TuneWave.app */ = {isa = PBXFileReference; explicitFileType = wrapper.application; includeInIndex = 0; path = TuneWave.app; sourceTree = BUILT_PRODUCTS_DIR; };
		7CB3D23F2C1A6E41004A186D /* TuneWaveApp.swift */ = {isa = PBXFileReference; lastKnownFileType = sourcecode.swift; path = TuneWaveApp.swift; sourceTree = "<group>"; };
		7CB3D2412C1A6E41004A186D /* ContentView.swift */ = {isa = PBXFileReference; lastKnownFileType = sourcecode.swift; path = ContentView.swift; sourceTree = "<group>"; };
		7CB3D2432C1A6E43004A186D /* Assets.xcassets */ = {isa = PBXFileReference; lastKnownFileType = folder.assetcatalog; path = Assets.xcassets; sourceTree = "<group>"; };
		7CB3D2462C1A6E43004A186D /* Preview Assets.xcassets */ = {isa = PBXFileReference; lastKnownFileType = folder.assetcatalog; path = "Preview Assets.xcassets"; sourceTree = "<group>"; };
		7CB3D24C2C1A6E43004A186D /* TuneWaveTests.xctest */ = {isa = PBXFileReference; explicitFileType = wrapper.cfbundle; includeInIndex = 0; path = TuneWaveTests.xctest; sourceTree = BUILT_PRODUCTS_DIR; };
		7CB3D2502C1A6E43004A186D /* TuneWaveTests.swift */ = {isa = PBXFileReference; lastKnownFileType = sourcecode.swift; path = TuneWaveTests.swift; sourceTree = "<group>"; };
		7CB3D2562C1A6E43004A186D /* TuneWaveUITests.xctest */ = {isa = PBXFileReference; explicitFileType = wrapper.cfbundle; includeInIndex = 0; path = TuneWaveUITests.xctest; sourceTree = BUILT_PRODUCTS_DIR; };
		7CB3D25A2C1A6E43004A186D /* TuneWaveUITests.swift */ = {isa = PBXFileReference; lastKnownFileType = sourcecode.swift; path = TuneWaveUITests.swift; sourceTree = "<group>"; };
		7CB3D25C2C1A6E43004A186D /* TuneWaveUITestsLaunchTests.swift */ = {isa = PBXFileReference; lastKnownFileType = sourcecode.swift; path = TuneWaveUITestsLaunchTests.swift; sourceTree = "<group>"; };
		7CB3D2622C1A6E43004A186D /* TuneWave Watch App.app */ = {isa = PBXFileReference; explicitFileType = wrapper.application; includeInIndex = 0; path = "TuneWave Watch App.app"; sourceTree = BUILT_PRODUCTS_DIR; };
		7CB3D2672C1A6E43004A186D /* TuneWaveApp.swift */ = {isa = PBXFileReference; lastKnownFileType = sourcecode.swift; path = TuneWaveApp.swift; sourceTree = "<group>"; };
		7CB3D2692C1A6E43004A186D /* ContentView.swift */ = {isa = PBXFileReference; lastKnownFileType = sourcecode.swift; path = ContentView.swift; sourceTree = "<group>"; };
		7CB3D26B2C1A6E44004A186D /* Assets.xcassets */ = {isa = PBXFileReference; lastKnownFileType = folder.assetcatalog; path = Assets.xcassets; sourceTree = "<group>"; };
		7CB3D26E2C1A6E44004A186D /* Preview Assets.xcassets */ = {isa = PBXFileReference; lastKnownFileType = folder.assetcatalog; path = "Preview Assets.xcassets"; sourceTree = "<group>"; };
		7CB3D2742C1A6E44004A186D /* TuneWave Watch AppTests.xctest */ = {isa = PBXFileReference; explicitFileType = wrapper.cfbundle; includeInIndex = 0; path = "TuneWave Watch AppTests.xctest"; sourceTree = BUILT_PRODUCTS_DIR; };
		7CB3D2782C1A6E44004A186D /* TuneWave_Watch_AppTests.swift */ = {isa = PBXFileReference; lastKnownFileType = sourcecode.swift; path = TuneWave_Watch_AppTests.swift; sourceTree = "<group>"; };
		7CB3D27E2C1A6E44004A186D /* TuneWave Watch AppUITests.xctest */ = {isa = PBXFileReference; explicitFileType = wrapper.cfbundle; includeInIndex = 0; path = "TuneWave Watch AppUITests.xctest"; sourceTree = BUILT_PRODUCTS_DIR; };
		7CB3D2822C1A6E44004A186D /* TuneWave_Watch_AppUITests.swift */ = {isa = PBXFileReference; lastKnownFileType = sourcecode.swift; path = TuneWave_Watch_AppUITests.swift; sourceTree = "<group>"; };
		7CB3D2842C1A6E44004A186D /* TuneWave_Watch_AppUITestsLaunchTests.swift */ = {isa = PBXFileReference; lastKnownFileType = sourcecode.swift; path = TuneWave_Watch_AppUITestsLaunchTests.swift; sourceTree = "<group>"; };
		7CD26E932C968AED0043805E /* NowPlayManager.swift */ = {isa = PBXFileReference; lastKnownFileType = sourcecode.swift; path = NowPlayManager.swift; sourceTree = "<group>"; };
		7CD3E5FD2C7AEC5000AAB023 /* FileExtension.swift */ = {isa = PBXFileReference; lastKnownFileType = sourcecode.swift; path = FileExtension.swift; sourceTree = "<group>"; };
		7CD55D5F2CA8D73200AC09DD /* SeekSettings.swift */ = {isa = PBXFileReference; lastKnownFileType = sourcecode.swift; path = SeekSettings.swift; sourceTree = "<group>"; };
		7CDA978D2C4A08D7009BD0E5 /* AVPlayerExtension.swift */ = {isa = PBXFileReference; lastKnownFileType = sourcecode.swift; path = AVPlayerExtension.swift; sourceTree = "<group>"; };
		7CDC2EEB2CAE792B0056DDA7 /* Environments.swift */ = {isa = PBXFileReference; lastKnownFileType = sourcecode.swift; path = Environments.swift; sourceTree = "<group>"; };
		7CE67AB82C64CA2E00979669 /* QRLoginView.swift */ = {isa = PBXFileReference; lastKnownFileType = sourcecode.swift; path = QRLoginView.swift; sourceTree = "<group>"; };
		7CE67ABA2C64CA3500979669 /* QRLoginViewModel.swift */ = {isa = PBXFileReference; lastKnownFileType = sourcecode.swift; path = QRLoginViewModel.swift; sourceTree = "<group>"; };
		7CEB29292C59D91800E2A3D8 /* OnlineToLocalConverter.swift */ = {isa = PBXFileReference; lastKnownFileType = sourcecode.swift; path = OnlineToLocalConverter.swift; sourceTree = "<group>"; };
		7CEB292B2C59E77F00E2A3D8 /* MusciPlayingListPage.swift */ = {isa = PBXFileReference; lastKnownFileType = sourcecode.swift; path = MusciPlayingListPage.swift; sourceTree = "<group>"; };
		7CEEE7142CEC890C00137873 /* ColorThief.swift */ = {isa = PBXFileReference; lastKnownFileType = sourcecode.swift; path = ColorThief.swift; sourceTree = "<group>"; };
		7CEEE7152CEC890C00137873 /* MMCQ.swift */ = {isa = PBXFileReference; lastKnownFileType = sourcecode.swift; path = MMCQ.swift; sourceTree = "<group>"; };
		7CEEE7192CEC892200137873 /* FlowBackground.swift */ = {isa = PBXFileReference; lastKnownFileType = sourcecode.swift; path = FlowBackground.swift; sourceTree = "<group>"; };
		7CEEE71B2CEC898C00137873 /* LyricsBackgroundView.swift */ = {isa = PBXFileReference; lastKnownFileType = sourcecode.swift; path = LyricsBackgroundView.swift; sourceTree = "<group>"; };
		7CEEE71D2CEC8C6800137873 /* LyricsViewOS10.swift */ = {isa = PBXFileReference; lastKnownFileType = sourcecode.swift; path = LyricsViewOS10.swift; sourceTree = "<group>"; };
		7CFE33CC2C4B84E700BA77F4 /* DeveloperContactGenerator.swift */ = {isa = PBXFileReference; lastKnownFileType = sourcecode.swift; path = DeveloperContactGenerator.swift; sourceTree = "<group>"; };
/* End PBXFileReference section */

/* Begin PBXFileSystemSynchronizedRootGroup section */
		7C91BBED2CA3B4B100877F71 /* BatchDownload */ = {isa = PBXFileSystemSynchronizedRootGroup; explicitFileTypes = {}; explicitFolders = (); path = BatchDownload; sourceTree = "<group>"; };
/* End PBXFileSystemSynchronizedRootGroup section */

/* Begin PBXFrameworksBuildPhase section */
		7CB3D2392C1A6E41004A186D /* Frameworks */ = {
			isa = PBXFrameworksBuildPhase;
			buildActionMask = 2147483647;
			files = (
			);
			runOnlyForDeploymentPostprocessing = 0;
		};
		7CB3D2492C1A6E43004A186D /* Frameworks */ = {
			isa = PBXFrameworksBuildPhase;
			buildActionMask = 2147483647;
			files = (
			);
			runOnlyForDeploymentPostprocessing = 0;
		};
		7CB3D2532C1A6E43004A186D /* Frameworks */ = {
			isa = PBXFrameworksBuildPhase;
			buildActionMask = 2147483647;
			files = (
			);
			runOnlyForDeploymentPostprocessing = 0;
		};
		7CB3D25F2C1A6E43004A186D /* Frameworks */ = {
			isa = PBXFrameworksBuildPhase;
			buildActionMask = 2147483647;
			files = (
				7C310EB02C454FD600E9143F /* SDWebImageSwiftUI in Frameworks */,
				7C91BBEC2CA3AB6E00877F71 /* EFQRCode in Frameworks */,
				7C44BA182C1C7DDC008DB511 /* SwiftyJSON in Frameworks */,
				7C44BA132C1C7DC7008DB511 /* Alamofire in Frameworks */,
			);
			runOnlyForDeploymentPostprocessing = 0;
		};
		7CB3D2712C1A6E44004A186D /* Frameworks */ = {
			isa = PBXFrameworksBuildPhase;
			buildActionMask = 2147483647;
			files = (
			);
			runOnlyForDeploymentPostprocessing = 0;
		};
		7CB3D27B2C1A6E44004A186D /* Frameworks */ = {
			isa = PBXFrameworksBuildPhase;
			buildActionMask = 2147483647;
			files = (
			);
			runOnlyForDeploymentPostprocessing = 0;
		};
/* End PBXFrameworksBuildPhase section */

/* Begin PBXGroup section */
		7C0F33CA2C480CBF0055F4B7 /* Disclaimer */ = {
			isa = PBXGroup;
			children = (
				7C8F5CA02C4FB29E0068D739 /* DisclaimerContent.md */,
				7C8F5CA12C4FB29E0068D739 /* DisclaimerView.swift */,
			);
			path = Disclaimer;
			sourceTree = "<group>";
		};
		7C2F55E72C96831000BA11D1 /* PlayerHolder */ = {
			isa = PBXGroup;
			children = (
				7C01F1042CC118D2004D15B4 /* AudioSession.swift */,
				7C310EC22C4554D000E9143F /* AVPlayerHolder.swift */,
				7CD26E932C968AED0043805E /* NowPlayManager.swift */,
				7C2F55E82C96832300BA11D1 /* RemoteCommandManager.swift */,
			);
			path = PlayerHolder;
			sourceTree = "<group>";
		};
		7C310EA02C454FBA00E9143F /* Music */ = {
			isa = PBXGroup;
			children = (
				7C91BBED2CA3B4B100877F71 /* BatchDownload */,
				7C2F55E72C96831000BA11D1 /* PlayerHolder */,
				7C9DC4E02C7833D6007AA080 /* Lyrics */,
				7CB18B3A2C490DD90042DB8B /* AnimatedLoadingView.swift */,
				7C310E9E2C454FBA00E9143F /* MusicLoadingPage.swift */,
				7C310ED12C46439300E9143F /* MusicPlayingPage.swift */,
				7CEB292B2C59E77F00E2A3D8 /* MusciPlayingListPage.swift */,
				7C310EB72C45518B00E9143F /* MusicLoader.swift */,
				7C310EB92C4551AC00E9143F /* MusicLoadingViewModel.swift */,
				7C310E9D2C454FBA00E9143F /* MusicModel.swift */,
				7C310E9F2C454FBA00E9143F /* MusicRow.swift */,
			);
			path = Music;
			sourceTree = "<group>";
		};
		7C310EA72C454FBE00E9143F /* PlayList */ = {
			isa = PBXGroup;
			children = (
				7C310EA42C454FBE00E9143F /* MyPlayListPage.swift */,
				7C310EA52C454FBE00E9143F /* PlayListDetailPage.swift */,
				7CA4FD912CEAD95900D5A1B7 /* PlayListMenuView.swift */,
				7C94F1FA2C4FE6C700D05579 /* PlayListCachedPage.swift */,
				7CEB29292C59D91800E2A3D8 /* OnlineToLocalConverter.swift */,
				7C310EA62C454FBE00E9143F /* PlaylistModel.swift */,
			);
			path = PlayList;
			sourceTree = "<group>";
		};
		7C310EAC2C454FC200E9143F /* SettingPgae */ = {
			isa = PBXGroup;
			children = (
				7C310EAB2C454FC200E9143F /* SettingPage.swift */,
				7CD55D5F2CA8D73200AC09DD /* SeekSettings.swift */,
				7C48634B2C9576DB00FC6BA6 /* IgnoreSlientModeView.swift */,
				7C4863492C947D5B00FC6BA6 /* CleanerView.swift */,
				7C0484DF2CA5AE3E009EC427 /* DownloadManageView.swift */,
			);
			path = SettingPgae;
			sourceTree = "<group>";
		};
		7C310EB12C45502B00E9143F /* UserContainer */ = {
			isa = PBXGroup;
			children = (
				7C310EB22C45503900E9143F /* YiUserContainer.swift */,
			);
			path = UserContainer;
			sourceTree = "<group>";
		};
		7C310EB42C4550CB00E9143F /* CacheableAlamofire */ = {
			isa = PBXGroup;
			children = (
				7C310EB52C4550D000E9143F /* CacheableAlamofire.swift */,
			);
			path = CacheableAlamofire;
			sourceTree = "<group>";
		};
		7C310EBD2C45533800E9143F /* ErrorHandler */ = {
			isa = PBXGroup;
			children = (
				7C310EC72C45577100E9143F /* NeverError.swift */,
				7C310EBE2C45535800E9143F /* NeverErrorView.swift */,
				7C310EC02C45542F00E9143F /* YiResponseError.swift */,
				7C310EC52C45555F00E9143F /* ErrorView.swift */,
			);
			path = ErrorHandler;
			sourceTree = "<group>";
		};
		7C310EC92C455C6600E9143F /* FileManager */ = {
			isa = PBXGroup;
			children = (
				7C310ECA2C455C7200E9143F /* TempFileCreator.swift */,
			);
			path = FileManager;
			sourceTree = "<group>";
		};
		7C310ECC2C455EED00E9143F /* AboutPage */ = {
			isa = PBXGroup;
			children = (
				7C310ECD2C455EFA00E9143F /* AboutPage.swift */,
			);
			path = AboutPage;
			sourceTree = "<group>";
		};
		7C310ECF2C45633C00E9143F /* Login */ = {
			isa = PBXGroup;
			children = (
				7C310E7E2C454FAB00E9143F /* LoginPage.swift */,
				7CE67AB72C64CA2400979669 /* QRLogin */,
				7C80A2B42C4686A700A8807C /* UserInfoView.swift */,
				7C310E822C454FAB00E9143F /* LoginModel.swift */,
			);
			path = Login;
			sourceTree = "<group>";
		};
		7C9DC4E02C7833D6007AA080 /* Lyrics */ = {
			isa = PBXGroup;
			children = (
				7C9DC4E12C7833E0007AA080 /* LyricsView.swift */,
				7CEEE71D2CEC8C6800137873 /* LyricsViewOS10.swift */,
				7CEEE71B2CEC898C00137873 /* LyricsBackgroundView.swift */,
				7C9DC4E32C7833F6007AA080 /* LyricsModel.swift */,
			);
			path = Lyrics;
			sourceTree = "<group>";
		};
		7CB3D2332C1A6E41004A186D = {
			isa = PBXGroup;
			children = (
				7CB3D23E2C1A6E41004A186D /* TuneWave */,
				7CB3D24F2C1A6E43004A186D /* TuneWaveTests */,
				7CB3D2592C1A6E43004A186D /* TuneWaveUITests */,
				7CB3D2662C1A6E43004A186D /* TuneWave Watch App */,
				7CB3D2772C1A6E44004A186D /* TuneWave Watch AppTests */,
				7CB3D2812C1A6E44004A186D /* TuneWave Watch AppUITests */,
				7CB3D23D2C1A6E41004A186D /* Products */,
			);
			sourceTree = "<group>";
		};
		7CB3D23D2C1A6E41004A186D /* Products */ = {
			isa = PBXGroup;
			children = (
				7CB3D23C2C1A6E41004A186D /* TuneWave.app */,
				7CB3D24C2C1A6E43004A186D /* TuneWaveTests.xctest */,
				7CB3D2562C1A6E43004A186D /* TuneWaveUITests.xctest */,
				7CB3D2622C1A6E43004A186D /* TuneWave Watch App.app */,
				7CB3D2742C1A6E44004A186D /* TuneWave Watch AppTests.xctest */,
				7CB3D27E2C1A6E44004A186D /* TuneWave Watch AppUITests.xctest */,
			);
			name = Products;
			sourceTree = "<group>";
		};
		7CB3D23E2C1A6E41004A186D /* TuneWave */ = {
			isa = PBXGroup;
			children = (
				7CB3D23F2C1A6E41004A186D /* TuneWaveApp.swift */,
				7CB3D2412C1A6E41004A186D /* ContentView.swift */,
				7CB3D2432C1A6E43004A186D /* Assets.xcassets */,
				7CB3D2452C1A6E43004A186D /* Preview Content */,
			);
			path = TuneWave;
			sourceTree = "<group>";
		};
		7CB3D2452C1A6E43004A186D /* Preview Content */ = {
			isa = PBXGroup;
			children = (
				7CB3D2462C1A6E43004A186D /* Preview Assets.xcassets */,
			);
			path = "Preview Content";
			sourceTree = "<group>";
		};
		7CB3D24F2C1A6E43004A186D /* TuneWaveTests */ = {
			isa = PBXGroup;
			children = (
				7CB3D2502C1A6E43004A186D /* TuneWaveTests.swift */,
			);
			path = TuneWaveTests;
			sourceTree = "<group>";
		};
		7CB3D2592C1A6E43004A186D /* TuneWaveUITests */ = {
			isa = PBXGroup;
			children = (
				7CB3D25A2C1A6E43004A186D /* TuneWaveUITests.swift */,
				7CB3D25C2C1A6E43004A186D /* TuneWaveUITestsLaunchTests.swift */,
			);
			path = TuneWaveUITests;
			sourceTree = "<group>";
		};
		7CB3D2662C1A6E43004A186D /* TuneWave Watch App */ = {
			isa = PBXGroup;
			children = (
				7CEEE7182CEC891B00137873 /* Backgrounds */,
				7CEEE7132CEC88F800137873 /* ColorThiefSwift */,
				7CFE33CB2C4B84D200BA77F4 /* DeveloperContactGenerator */,
				7C310ED02C456F4700E9143F /* TuneWave-Watch-App-Info.plist */,
				7C0F33CA2C480CBF0055F4B7 /* Disclaimer */,
				7C310ECF2C45633C00E9143F /* Login */,
				7C310ECC2C455EED00E9143F /* AboutPage */,
				7C310EC92C455C6600E9143F /* FileManager */,
				7C310EBD2C45533800E9143F /* ErrorHandler */,
				7C310EB42C4550CB00E9143F /* CacheableAlamofire */,
				7C310EB12C45502B00E9143F /* UserContainer */,
				7C310EAC2C454FC200E9143F /* SettingPgae */,
				7C310EA72C454FBE00E9143F /* PlayList */,
				7C310EA02C454FBA00E9143F /* Music */,
				7CB18B402C491FA80042DB8B /* URLRequestExtension.swift */,
				7CB3D2672C1A6E43004A186D /* TuneWaveApp.swift */,
				7CB3D2692C1A6E43004A186D /* ContentView.swift */,
				7C310E882C454FAB00E9143F /* AlamofireExtension.swift */,
				7C310E852C454FAB00E9143F /* AlertButton.swift */,
				7C310E812C454FAB00E9143F /* AsyncButton.swift */,
				7C310E842C454FAB00E9143F /* ContentView.swift */,
				7C310EBB2C45526500E9143F /* YiImageCompressor.swift */,
				7C310E7F2C454FAB00E9143F /* DateExtension.swift */,
				7C310E892C454FAB00E9143F /* ErrorExtension.swift */,
				7C310E8B2C454FAB00E9143F /* ImageExtension.swift */,
				7C310E7D2C454FAB00E9143F /* OpenSourcePage.swift */,
				7C94F1F82C4FE18900D05579 /* NetworkTester.swift */,
				7C310E7C2C454FAB00E9143F /* SearchModel.swift */,
				7C310E832C454FAB00E9143F /* SearchPage.swift */,
				7C310E862C454FAB00E9143F /* SwiftUIExtension.swift */,
				7CD3E5FD2C7AEC5000AAB023 /* FileExtension.swift */,
				7CDA978D2C4A08D7009BD0E5 /* AVPlayerExtension.swift */,
				7C310E8A2C454FAB00E9143F /* TuneWaveApp.swift */,
				7C310E872C454FAB00E9143F /* UserInfoPage.swift */,
				7CDC2EEB2CAE792B0056DDA7 /* Environments.swift */,
				7CB3D26B2C1A6E44004A186D /* Assets.xcassets */,
				7CB18B3C2C490EB30042DB8B /* YiMusicLogo.usdz */,
				7CB3D26D2C1A6E44004A186D /* Preview Content */,
			);
			path = "TuneWave Watch App";
			sourceTree = "<group>";
		};
		7CB3D26D2C1A6E44004A186D /* Preview Content */ = {
			isa = PBXGroup;
			children = (
				7CB3D26E2C1A6E44004A186D /* Preview Assets.xcassets */,
			);
			path = "Preview Content";
			sourceTree = "<group>";
		};
		7CB3D2772C1A6E44004A186D /* TuneWave Watch AppTests */ = {
			isa = PBXGroup;
			children = (
				7CB3D2782C1A6E44004A186D /* TuneWave_Watch_AppTests.swift */,
			);
			path = "TuneWave Watch AppTests";
			sourceTree = "<group>";
		};
		7CB3D2812C1A6E44004A186D /* TuneWave Watch AppUITests */ = {
			isa = PBXGroup;
			children = (
				7CB3D2822C1A6E44004A186D /* TuneWave_Watch_AppUITests.swift */,
				7CB3D2842C1A6E44004A186D /* TuneWave_Watch_AppUITestsLaunchTests.swift */,
			);
			path = "TuneWave Watch AppUITests";
			sourceTree = "<group>";
		};
		7CE67AB72C64CA2400979669 /* QRLogin */ = {
			isa = PBXGroup;
			children = (
				7CE67AB82C64CA2E00979669 /* QRLoginView.swift */,
				7CE67ABA2C64CA3500979669 /* QRLoginViewModel.swift */,
			);
			path = QRLogin;
			sourceTree = "<group>";
		};
		7CEEE7132CEC88F800137873 /* ColorThiefSwift */ = {
			isa = PBXGroup;
			children = (
				7CEEE7142CEC890C00137873 /* ColorThief.swift */,
				7CEEE7152CEC890C00137873 /* MMCQ.swift */,
			);
			path = ColorThiefSwift;
			sourceTree = "<group>";
		};
		7CEEE7182CEC891B00137873 /* Backgrounds */ = {
			isa = PBXGroup;
			children = (
				7CEEE7192CEC892200137873 /* FlowBackground.swift */,
			);
			path = Backgrounds;
			sourceTree = "<group>";
		};
		7CFE33CB2C4B84D200BA77F4 /* DeveloperContactGenerator */ = {
			isa = PBXGroup;
			children = (
				7CFE33CC2C4B84E700BA77F4 /* DeveloperContactGenerator.swift */,
			);
			path = DeveloperContactGenerator;
			sourceTree = "<group>";
		};
/* End PBXGroup section */

/* Begin PBXNativeTarget section */
		7CB3D23B2C1A6E41004A186D /* TuneWave */ = {
			isa = PBXNativeTarget;
			buildConfigurationList = 7CB3D28C2C1A6E44004A186D /* Build configuration list for PBXNativeTarget "TuneWave" */;
			buildPhases = (
				7CB3D2382C1A6E41004A186D /* Sources */,
				7CB3D2392C1A6E41004A186D /* Frameworks */,
				7CB3D23A2C1A6E41004A186D /* Resources */,
				7CB3D28B2C1A6E44004A186D /* Embed Watch Content */,
			);
			buildRules = (
			);
			dependencies = (
				7CB3D2652C1A6E43004A186D /* PBXTargetDependency */,
			);
			name = TuneWave;
			productName = TuneWave;
			productReference = 7CB3D23C2C1A6E41004A186D /* TuneWave.app */;
			productType = "com.apple.product-type.application";
		};
		7CB3D24B2C1A6E43004A186D /* TuneWaveTests */ = {
			isa = PBXNativeTarget;
			buildConfigurationList = 7CB3D28F2C1A6E44004A186D /* Build configuration list for PBXNativeTarget "TuneWaveTests" */;
			buildPhases = (
				7CB3D2482C1A6E43004A186D /* Sources */,
				7CB3D2492C1A6E43004A186D /* Frameworks */,
				7CB3D24A2C1A6E43004A186D /* Resources */,
			);
			buildRules = (
			);
			dependencies = (
				7CB3D24E2C1A6E43004A186D /* PBXTargetDependency */,
			);
			name = TuneWaveTests;
			productName = TuneWaveTests;
			productReference = 7CB3D24C2C1A6E43004A186D /* TuneWaveTests.xctest */;
			productType = "com.apple.product-type.bundle.unit-test";
		};
		7CB3D2552C1A6E43004A186D /* TuneWaveUITests */ = {
			isa = PBXNativeTarget;
			buildConfigurationList = 7CB3D2922C1A6E44004A186D /* Build configuration list for PBXNativeTarget "TuneWaveUITests" */;
			buildPhases = (
				7CB3D2522C1A6E43004A186D /* Sources */,
				7CB3D2532C1A6E43004A186D /* Frameworks */,
				7CB3D2542C1A6E43004A186D /* Resources */,
			);
			buildRules = (
			);
			dependencies = (
				7CB3D2582C1A6E43004A186D /* PBXTargetDependency */,
			);
			name = TuneWaveUITests;
			productName = TuneWaveUITests;
			productReference = 7CB3D2562C1A6E43004A186D /* TuneWaveUITests.xctest */;
			productType = "com.apple.product-type.bundle.ui-testing";
		};
		7CB3D2612C1A6E43004A186D /* TuneWave Watch App */ = {
			isa = PBXNativeTarget;
			buildConfigurationList = 7CB3D2882C1A6E44004A186D /* Build configuration list for PBXNativeTarget "TuneWave Watch App" */;
			buildPhases = (
				7CB3D25E2C1A6E43004A186D /* Sources */,
				7CB3D25F2C1A6E43004A186D /* Frameworks */,
				7CB3D2602C1A6E43004A186D /* Resources */,
				7C44BA1A2C1C7E0D008DB511 /* Embed Frameworks */,
			);
			buildRules = (
			);
			dependencies = (
			);
			fileSystemSynchronizedGroups = (
				7C91BBED2CA3B4B100877F71 /* BatchDownload */,
			);
			name = "TuneWave Watch App";
			packageProductDependencies = (
				7C44BA122C1C7DC7008DB511 /* Alamofire */,
				7C44BA172C1C7DDC008DB511 /* SwiftyJSON */,
				7C310EAF2C454FD600E9143F /* SDWebImageSwiftUI */,
				7C91BBEB2CA3AB6E00877F71 /* EFQRCode */,
			);
			productName = "TuneWave Watch App";
			productReference = 7CB3D2622C1A6E43004A186D /* TuneWave Watch App.app */;
			productType = "com.apple.product-type.application";
		};
		7CB3D2732C1A6E44004A186D /* TuneWave Watch AppTests */ = {
			isa = PBXNativeTarget;
			buildConfigurationList = 7CB3D2952C1A6E44004A186D /* Build configuration list for PBXNativeTarget "TuneWave Watch AppTests" */;
			buildPhases = (
				7CB3D2702C1A6E44004A186D /* Sources */,
				7CB3D2712C1A6E44004A186D /* Frameworks */,
				7CB3D2722C1A6E44004A186D /* Resources */,
			);
			buildRules = (
			);
			dependencies = (
				7CB3D2762C1A6E44004A186D /* PBXTargetDependency */,
			);
			name = "TuneWave Watch AppTests";
			productName = "TuneWave Watch AppTests";
			productReference = 7CB3D2742C1A6E44004A186D /* TuneWave Watch AppTests.xctest */;
			productType = "com.apple.product-type.bundle.unit-test";
		};
		7CB3D27D2C1A6E44004A186D /* TuneWave Watch AppUITests */ = {
			isa = PBXNativeTarget;
			buildConfigurationList = 7CB3D2982C1A6E44004A186D /* Build configuration list for PBXNativeTarget "TuneWave Watch AppUITests" */;
			buildPhases = (
				7CB3D27A2C1A6E44004A186D /* Sources */,
				7CB3D27B2C1A6E44004A186D /* Frameworks */,
				7CB3D27C2C1A6E44004A186D /* Resources */,
			);
			buildRules = (
			);
			dependencies = (
				7CB3D2802C1A6E44004A186D /* PBXTargetDependency */,
			);
			name = "TuneWave Watch AppUITests";
			productName = "TuneWave Watch AppUITests";
			productReference = 7CB3D27E2C1A6E44004A186D /* TuneWave Watch AppUITests.xctest */;
			productType = "com.apple.product-type.bundle.ui-testing";
		};
/* End PBXNativeTarget section */

/* Begin PBXProject section */
		7CB3D2342C1A6E41004A186D /* Project object */ = {
			isa = PBXProject;
			attributes = {
				BuildIndependentTargetsInParallel = 1;
				LastSwiftUpdateCheck = 1540;
				LastUpgradeCheck = 1540;
				TargetAttributes = {
					7CB3D23B2C1A6E41004A186D = {
						CreatedOnToolsVersion = 15.4;
					};
					7CB3D24B2C1A6E43004A186D = {
						CreatedOnToolsVersion = 15.4;
						TestTargetID = 7CB3D23B2C1A6E41004A186D;
					};
					7CB3D2552C1A6E43004A186D = {
						CreatedOnToolsVersion = 15.4;
						TestTargetID = 7CB3D23B2C1A6E41004A186D;
					};
					7CB3D2612C1A6E43004A186D = {
						CreatedOnToolsVersion = 15.4;
					};
					7CB3D2732C1A6E44004A186D = {
						CreatedOnToolsVersion = 15.4;
						TestTargetID = 7CB3D2612C1A6E43004A186D;
					};
					7CB3D27D2C1A6E44004A186D = {
						CreatedOnToolsVersion = 15.4;
						TestTargetID = 7CB3D2612C1A6E43004A186D;
					};
				};
			};
			buildConfigurationList = 7CB3D2372C1A6E41004A186D /* Build configuration list for PBXProject "TuneWave" */;
			compatibilityVersion = "Xcode 14.0";
			developmentRegion = "zh-Hans";
			hasScannedForEncodings = 0;
			knownRegions = (
				en,
				Base,
				"zh-Hans",
			);
			mainGroup = 7CB3D2332C1A6E41004A186D;
			packageReferences = (
				7C44BA112C1C7DC7008DB511 /* XCRemoteSwiftPackageReference "Alamofire" */,
				7C44BA162C1C7DDC008DB511 /* XCRemoteSwiftPackageReference "SwiftyJSON" */,
				7C310EAE2C454FD600E9143F /* XCRemoteSwiftPackageReference "SDWebImageSwiftUI" */,
				7C91BBEA2CA3AB6E00877F71 /* XCRemoteSwiftPackageReference "EFQRCode" */,
			);
			productRefGroup = 7CB3D23D2C1A6E41004A186D /* Products */;
			projectDirPath = "";
			projectRoot = "";
			targets = (
				7CB3D23B2C1A6E41004A186D /* TuneWave */,
				7CB3D24B2C1A6E43004A186D /* TuneWaveTests */,
				7CB3D2552C1A6E43004A186D /* TuneWaveUITests */,
				7CB3D2612C1A6E43004A186D /* TuneWave Watch App */,
				7CB3D2732C1A6E44004A186D /* TuneWave Watch AppTests */,
				7CB3D27D2C1A6E44004A186D /* TuneWave Watch AppUITests */,
			);
		};
/* End PBXProject section */

/* Begin PBXResourcesBuildPhase section */
		7CB3D23A2C1A6E41004A186D /* Resources */ = {
			isa = PBXResourcesBuildPhase;
			buildActionMask = 2147483647;
			files = (
				7CB3D2472C1A6E43004A186D /* Preview Assets.xcassets in Resources */,
				7CB3D2442C1A6E43004A186D /* Assets.xcassets in Resources */,
			);
			runOnlyForDeploymentPostprocessing = 0;
		};
		7CB3D24A2C1A6E43004A186D /* Resources */ = {
			isa = PBXResourcesBuildPhase;
			buildActionMask = 2147483647;
			files = (
			);
			runOnlyForDeploymentPostprocessing = 0;
		};
		7CB3D2542C1A6E43004A186D /* Resources */ = {
			isa = PBXResourcesBuildPhase;
			buildActionMask = 2147483647;
			files = (
			);
			runOnlyForDeploymentPostprocessing = 0;
		};
		7CB3D2602C1A6E43004A186D /* Resources */ = {
			isa = PBXResourcesBuildPhase;
			buildActionMask = 2147483647;
			files = (
				7CB18B3D2C490EB30042DB8B /* YiMusicLogo.usdz in Resources */,
				7CB3D26F2C1A6E44004A186D /* Preview Assets.xcassets in Resources */,
				7CB3D26C2C1A6E44004A186D /* Assets.xcassets in Resources */,
				7C8F5CA22C4FB29E0068D739 /* DisclaimerContent.md in Resources */,
			);
			runOnlyForDeploymentPostprocessing = 0;
		};
		7CB3D2722C1A6E44004A186D /* Resources */ = {
			isa = PBXResourcesBuildPhase;
			buildActionMask = 2147483647;
			files = (
			);
			runOnlyForDeploymentPostprocessing = 0;
		};
		7CB3D27C2C1A6E44004A186D /* Resources */ = {
			isa = PBXResourcesBuildPhase;
			buildActionMask = 2147483647;
			files = (
			);
			runOnlyForDeploymentPostprocessing = 0;
		};
/* End PBXResourcesBuildPhase section */

/* Begin PBXSourcesBuildPhase section */
		7CB3D2382C1A6E41004A186D /* Sources */ = {
			isa = PBXSourcesBuildPhase;
			buildActionMask = 2147483647;
			files = (
				7C1206232C7851BD0004B08A /* SwiftUIExtension.swift in Sources */,
				7CDC2EED2CAE794F0056DDA7 /* Environments.swift in Sources */,
				7CB3D2422C1A6E41004A186D /* ContentView.swift in Sources */,
				7CB3D2402C1A6E41004A186D /* TuneWaveApp.swift in Sources */,
			);
			runOnlyForDeploymentPostprocessing = 0;
		};
		7CB3D2482C1A6E43004A186D /* Sources */ = {
			isa = PBXSourcesBuildPhase;
			buildActionMask = 2147483647;
			files = (
				7CB3D2512C1A6E43004A186D /* TuneWaveTests.swift in Sources */,
			);
			runOnlyForDeploymentPostprocessing = 0;
		};
		7CB3D2522C1A6E43004A186D /* Sources */ = {
			isa = PBXSourcesBuildPhase;
			buildActionMask = 2147483647;
			files = (
				7CB3D25D2C1A6E43004A186D /* TuneWaveUITestsLaunchTests.swift in Sources */,
				7CB3D25B2C1A6E43004A186D /* TuneWaveUITests.swift in Sources */,
			);
			runOnlyForDeploymentPostprocessing = 0;
		};
		7CB3D25E2C1A6E43004A186D /* Sources */ = {
			isa = PBXSourcesBuildPhase;
			buildActionMask = 2147483647;
			files = (
				7C310E9A2C454FAB00E9143F /* TuneWaveApp.swift in Sources */,
				7CEEE71C2CEC899000137873 /* LyricsBackgroundView.swift in Sources */,
				7C310ED22C46439300E9143F /* MusicPlayingPage.swift in Sources */,
				7CEB292A2C59D91800E2A3D8 /* OnlineToLocalConverter.swift in Sources */,
				7CB18B3B2C490DD90042DB8B /* AnimatedLoadingView.swift in Sources */,
				7C48634C2C9576E000FC6BA6 /* IgnoreSlientModeView.swift in Sources */,
				7C310EBA2C4551AC00E9143F /* MusicLoadingViewModel.swift in Sources */,
				7C310EC62C45555F00E9143F /* ErrorView.swift in Sources */,
				7C01F1052CC118D5004D15B4 /* AudioSession.swift in Sources */,
				7C310E912C454FAB00E9143F /* AsyncButton.swift in Sources */,
				7CA4FD922CEAD95F00D5A1B7 /* PlayListMenuView.swift in Sources */,
				7C310E922C454FAB00E9143F /* LoginModel.swift in Sources */,
				7C310EBF2C45535800E9143F /* NeverErrorView.swift in Sources */,
				7C310EA12C454FBA00E9143F /* MusicModel.swift in Sources */,
				7C310E942C454FAB00E9143F /* ContentView.swift in Sources */,
				7CE67ABB2C64CA3500979669 /* QRLoginViewModel.swift in Sources */,
				7C310E8E2C454FAB00E9143F /* LoginPage.swift in Sources */,
				7CB3D26A2C1A6E43004A186D /* ContentView.swift in Sources */,
				7CD55D602CA8D73D00AC09DD /* SeekSettings.swift in Sources */,
				7C310ECB2C455C7200E9143F /* TempFileCreator.swift in Sources */,
				7C310EA22C454FBA00E9143F /* MusicLoadingPage.swift in Sources */,
				7CDA978E2C4A08D7009BD0E5 /* AVPlayerExtension.swift in Sources */,
				7C48634A2C947D5F00FC6BA6 /* CleanerView.swift in Sources */,
				7C310E972C454FAB00E9143F /* UserInfoPage.swift in Sources */,
				7C310EB32C45503900E9143F /* YiUserContainer.swift in Sources */,
				7C310EA82C454FBE00E9143F /* MyPlayListPage.swift in Sources */,
				7CEB292C2C59E77F00E2A3D8 /* MusciPlayingListPage.swift in Sources */,
				7C310E9B2C454FAB00E9143F /* ImageExtension.swift in Sources */,
				7C310E992C454FAB00E9143F /* ErrorExtension.swift in Sources */,
				7C9DC4E42C7833F6007AA080 /* LyricsModel.swift in Sources */,
				7C80A2B52C4686A700A8807C /* UserInfoView.swift in Sources */,
				7CEEE71E2CEC8C6C00137873 /* LyricsViewOS10.swift in Sources */,
				7C310EC32C4554D000E9143F /* AVPlayerHolder.swift in Sources */,
				7C310EAD2C454FC200E9143F /* SettingPage.swift in Sources */,
				7CE67AB92C64CA2E00979669 /* QRLoginView.swift in Sources */,
				7CEEE71A2CEC892200137873 /* FlowBackground.swift in Sources */,
				7C310E982C454FAB00E9143F /* AlamofireExtension.swift in Sources */,
				7C310E8F2C454FAB00E9143F /* DateExtension.swift in Sources */,
				7C310EB82C45518B00E9143F /* MusicLoader.swift in Sources */,
				7C310EB62C4550D000E9143F /* CacheableAlamofire.swift in Sources */,
				7C8F5CA32C4FB29E0068D739 /* DisclaimerView.swift in Sources */,
				7CDC2EEC2CAE792B0056DDA7 /* Environments.swift in Sources */,
				7C310EC82C45577100E9143F /* NeverError.swift in Sources */,
				7C310E962C454FAB00E9143F /* SwiftUIExtension.swift in Sources */,
				7C310E8C2C454FAB00E9143F /* SearchModel.swift in Sources */,
				7CD26E942C968AF50043805E /* NowPlayManager.swift in Sources */,
				7CEEE7162CEC890C00137873 /* ColorThief.swift in Sources */,
				7CEEE7172CEC890C00137873 /* MMCQ.swift in Sources */,
				7C310EC12C45542F00E9143F /* YiResponseError.swift in Sources */,
				7C94F1F92C4FE18900D05579 /* NetworkTester.swift in Sources */,
				7C310EA32C454FBA00E9143F /* MusicRow.swift in Sources */,
				7C94F1FB2C4FE6C700D05579 /* PlayListCachedPage.swift in Sources */,
				7C310E932C454FAB00E9143F /* SearchPage.swift in Sources */,
				7CB3D2682C1A6E43004A186D /* TuneWaveApp.swift in Sources */,
				7C310ECE2C455EFA00E9143F /* AboutPage.swift in Sources */,
				7C9DC4E22C7833E0007AA080 /* LyricsView.swift in Sources */,
				7C310EA92C454FBE00E9143F /* PlayListDetailPage.swift in Sources */,
				7CD3E5FE2C7AEC5500AAB023 /* FileExtension.swift in Sources */,
				7C310EBC2C45526500E9143F /* YiImageCompressor.swift in Sources */,
				7C310E8D2C454FAB00E9143F /* OpenSourcePage.swift in Sources */,
				7C2F55E92C96832C00BA11D1 /* RemoteCommandManager.swift in Sources */,
				7CB18B412C491FA80042DB8B /* URLRequestExtension.swift in Sources */,
				7C310EAA2C454FBE00E9143F /* PlaylistModel.swift in Sources */,
				7C0484E02CA5AE4F009EC427 /* DownloadManageView.swift in Sources */,
				7C310E952C454FAB00E9143F /* AlertButton.swift in Sources */,
				7CFE33CD2C4B84E700BA77F4 /* DeveloperContactGenerator.swift in Sources */,
			);
			runOnlyForDeploymentPostprocessing = 0;
		};
		7CB3D2702C1A6E44004A186D /* Sources */ = {
			isa = PBXSourcesBuildPhase;
			buildActionMask = 2147483647;
			files = (
				7CB3D2792C1A6E44004A186D /* TuneWave_Watch_AppTests.swift in Sources */,
			);
			runOnlyForDeploymentPostprocessing = 0;
		};
		7CB3D27A2C1A6E44004A186D /* Sources */ = {
			isa = PBXSourcesBuildPhase;
			buildActionMask = 2147483647;
			files = (
				7CB3D2832C1A6E44004A186D /* TuneWave_Watch_AppUITests.swift in Sources */,
				7CB3D2852C1A6E44004A186D /* TuneWave_Watch_AppUITestsLaunchTests.swift in Sources */,
			);
			runOnlyForDeploymentPostprocessing = 0;
		};
/* End PBXSourcesBuildPhase section */

/* Begin PBXTargetDependency section */
		7CB3D24E2C1A6E43004A186D /* PBXTargetDependency */ = {
			isa = PBXTargetDependency;
			target = 7CB3D23B2C1A6E41004A186D /* TuneWave */;
			targetProxy = 7CB3D24D2C1A6E43004A186D /* PBXContainerItemProxy */;
		};
		7CB3D2582C1A6E43004A186D /* PBXTargetDependency */ = {
			isa = PBXTargetDependency;
			target = 7CB3D23B2C1A6E41004A186D /* TuneWave */;
			targetProxy = 7CB3D2572C1A6E43004A186D /* PBXContainerItemProxy */;
		};
		7CB3D2652C1A6E43004A186D /* PBXTargetDependency */ = {
			isa = PBXTargetDependency;
			target = 7CB3D2612C1A6E43004A186D /* TuneWave Watch App */;
			targetProxy = 7CB3D2642C1A6E43004A186D /* PBXContainerItemProxy */;
		};
		7CB3D2762C1A6E44004A186D /* PBXTargetDependency */ = {
			isa = PBXTargetDependency;
			target = 7CB3D2612C1A6E43004A186D /* TuneWave Watch App */;
			targetProxy = 7CB3D2752C1A6E44004A186D /* PBXContainerItemProxy */;
		};
		7CB3D2802C1A6E44004A186D /* PBXTargetDependency */ = {
			isa = PBXTargetDependency;
			target = 7CB3D2612C1A6E43004A186D /* TuneWave Watch App */;
			targetProxy = 7CB3D27F2C1A6E44004A186D /* PBXContainerItemProxy */;
		};
/* End PBXTargetDependency section */

/* Begin XCBuildConfiguration section */
		7CB3D2862C1A6E44004A186D /* Debug */ = {
			isa = XCBuildConfiguration;
			buildSettings = {
				ALWAYS_SEARCH_USER_PATHS = NO;
				ASSETCATALOG_COMPILER_GENERATE_SWIFT_ASSET_SYMBOL_EXTENSIONS = YES;
				CLANG_ANALYZER_NONNULL = YES;
				CLANG_ANALYZER_NUMBER_OBJECT_CONVERSION = YES_AGGRESSIVE;
				CLANG_CXX_LANGUAGE_STANDARD = "gnu++20";
				CLANG_ENABLE_MODULES = YES;
				CLANG_ENABLE_OBJC_ARC = YES;
				CLANG_ENABLE_OBJC_WEAK = YES;
				CLANG_WARN_BLOCK_CAPTURE_AUTORELEASING = YES;
				CLANG_WARN_BOOL_CONVERSION = YES;
				CLANG_WARN_COMMA = YES;
				CLANG_WARN_CONSTANT_CONVERSION = YES;
				CLANG_WARN_DEPRECATED_OBJC_IMPLEMENTATIONS = YES;
				CLANG_WARN_DIRECT_OBJC_ISA_USAGE = YES_ERROR;
				CLANG_WARN_DOCUMENTATION_COMMENTS = YES;
				CLANG_WARN_EMPTY_BODY = YES;
				CLANG_WARN_ENUM_CONVERSION = YES;
				CLANG_WARN_INFINITE_RECURSION = YES;
				CLANG_WARN_INT_CONVERSION = YES;
				CLANG_WARN_NON_LITERAL_NULL_CONVERSION = YES;
				CLANG_WARN_OBJC_IMPLICIT_RETAIN_SELF = YES;
				CLANG_WARN_OBJC_LITERAL_CONVERSION = YES;
				CLANG_WARN_OBJC_ROOT_CLASS = YES_ERROR;
				CLANG_WARN_QUOTED_INCLUDE_IN_FRAMEWORK_HEADER = YES;
				CLANG_WARN_RANGE_LOOP_ANALYSIS = YES;
				CLANG_WARN_STRICT_PROTOTYPES = YES;
				CLANG_WARN_SUSPICIOUS_MOVE = YES;
				CLANG_WARN_UNGUARDED_AVAILABILITY = YES_AGGRESSIVE;
				CLANG_WARN_UNREACHABLE_CODE = YES;
				CLANG_WARN__DUPLICATE_METHOD_MATCH = YES;
				COPY_PHASE_STRIP = NO;
				DEBUG_INFORMATION_FORMAT = dwarf;
				ENABLE_STRICT_OBJC_MSGSEND = YES;
				ENABLE_TESTABILITY = YES;
				ENABLE_USER_SCRIPT_SANDBOXING = YES;
				GCC_C_LANGUAGE_STANDARD = gnu17;
				GCC_DYNAMIC_NO_PIC = NO;
				GCC_NO_COMMON_BLOCKS = YES;
				GCC_OPTIMIZATION_LEVEL = 0;
				GCC_PREPROCESSOR_DEFINITIONS = (
					"DEBUG=1",
					"$(inherited)",
				);
				GCC_WARN_64_TO_32_BIT_CONVERSION = YES;
				GCC_WARN_ABOUT_RETURN_TYPE = YES_ERROR;
				GCC_WARN_UNDECLARED_SELECTOR = YES;
				GCC_WARN_UNINITIALIZED_AUTOS = YES_AGGRESSIVE;
				GCC_WARN_UNUSED_FUNCTION = YES;
				GCC_WARN_UNUSED_VARIABLE = YES;
				LOCALIZATION_PREFERS_STRING_CATALOGS = YES;
				MTL_ENABLE_DEBUG_INFO = INCLUDE_SOURCE;
				MTL_FAST_MATH = YES;
				ONLY_ACTIVE_ARCH = YES;
				SWIFT_ACTIVE_COMPILATION_CONDITIONS = "DEBUG $(inherited)";
				SWIFT_OPTIMIZATION_LEVEL = "-Onone";
			};
			name = Debug;
		};
		7CB3D2872C1A6E44004A186D /* Release */ = {
			isa = XCBuildConfiguration;
			buildSettings = {
				ALWAYS_SEARCH_USER_PATHS = NO;
				ASSETCATALOG_COMPILER_GENERATE_SWIFT_ASSET_SYMBOL_EXTENSIONS = YES;
				CLANG_ANALYZER_NONNULL = YES;
				CLANG_ANALYZER_NUMBER_OBJECT_CONVERSION = YES_AGGRESSIVE;
				CLANG_CXX_LANGUAGE_STANDARD = "gnu++20";
				CLANG_ENABLE_MODULES = YES;
				CLANG_ENABLE_OBJC_ARC = YES;
				CLANG_ENABLE_OBJC_WEAK = YES;
				CLANG_WARN_BLOCK_CAPTURE_AUTORELEASING = YES;
				CLANG_WARN_BOOL_CONVERSION = YES;
				CLANG_WARN_COMMA = YES;
				CLANG_WARN_CONSTANT_CONVERSION = YES;
				CLANG_WARN_DEPRECATED_OBJC_IMPLEMENTATIONS = YES;
				CLANG_WARN_DIRECT_OBJC_ISA_USAGE = YES_ERROR;
				CLANG_WARN_DOCUMENTATION_COMMENTS = YES;
				CLANG_WARN_EMPTY_BODY = YES;
				CLANG_WARN_ENUM_CONVERSION = YES;
				CLANG_WARN_INFINITE_RECURSION = YES;
				CLANG_WARN_INT_CONVERSION = YES;
				CLANG_WARN_NON_LITERAL_NULL_CONVERSION = YES;
				CLANG_WARN_OBJC_IMPLICIT_RETAIN_SELF = YES;
				CLANG_WARN_OBJC_LITERAL_CONVERSION = YES;
				CLANG_WARN_OBJC_ROOT_CLASS = YES_ERROR;
				CLANG_WARN_QUOTED_INCLUDE_IN_FRAMEWORK_HEADER = YES;
				CLANG_WARN_RANGE_LOOP_ANALYSIS = YES;
				CLANG_WARN_STRICT_PROTOTYPES = YES;
				CLANG_WARN_SUSPICIOUS_MOVE = YES;
				CLANG_WARN_UNGUARDED_AVAILABILITY = YES_AGGRESSIVE;
				CLANG_WARN_UNREACHABLE_CODE = YES;
				CLANG_WARN__DUPLICATE_METHOD_MATCH = YES;
				COPY_PHASE_STRIP = NO;
				DEBUG_INFORMATION_FORMAT = "dwarf-with-dsym";
				ENABLE_NS_ASSERTIONS = NO;
				ENABLE_STRICT_OBJC_MSGSEND = YES;
				ENABLE_USER_SCRIPT_SANDBOXING = YES;
				GCC_C_LANGUAGE_STANDARD = gnu17;
				GCC_NO_COMMON_BLOCKS = YES;
				GCC_WARN_64_TO_32_BIT_CONVERSION = YES;
				GCC_WARN_ABOUT_RETURN_TYPE = YES_ERROR;
				GCC_WARN_UNDECLARED_SELECTOR = YES;
				GCC_WARN_UNINITIALIZED_AUTOS = YES_AGGRESSIVE;
				GCC_WARN_UNUSED_FUNCTION = YES;
				GCC_WARN_UNUSED_VARIABLE = YES;
				LOCALIZATION_PREFERS_STRING_CATALOGS = YES;
				MTL_ENABLE_DEBUG_INFO = NO;
				MTL_FAST_MATH = YES;
				SWIFT_COMPILATION_MODE = wholemodule;
			};
			name = Release;
		};
		7CB3D2892C1A6E44004A186D /* Debug */ = {
			isa = XCBuildConfiguration;
			buildSettings = {
				ASSETCATALOG_COMPILER_APPICON_NAME = AppIcon;
				ASSETCATALOG_COMPILER_GLOBAL_ACCENT_COLOR_NAME = AccentColor;
				"CODE_SIGN_IDENTITY[sdk=watchos*]" = "iPhone Distribution";
				CODE_SIGN_STYLE = Manual;
				CURRENT_PROJECT_VERSION = 1;
				DEVELOPMENT_ASSET_PATHS = "\"TuneWave Watch App/Preview Content\"";
				DEVELOPMENT_TEAM = "";
				"DEVELOPMENT_TEAM[sdk=watchos*]" = HXPM794ZFN;
				ENABLE_PREVIEWS = YES;
				GENERATE_INFOPLIST_FILE = YES;
				INFOPLIST_FILE = "TuneWave-Watch-App-Info.plist";
				INFOPLIST_KEY_CFBundleDisplayName = "悦音音乐";
				INFOPLIST_KEY_UISupportedInterfaceOrientations = "UIInterfaceOrientationPortrait UIInterfaceOrientationPortraitUpsideDown";
				INFOPLIST_KEY_WKCompanionAppBundleIdentifier = com.xvkun.tunewave;
				INFOPLIST_KEY_WKRunsIndependentlyOfCompanionApp = YES;
				LD_RUNPATH_SEARCH_PATHS = (
					"$(inherited)",
					"@executable_path/Frameworks",
				);
				MARKETING_VERSION = 1.0;
				PRODUCT_BUNDLE_IDENTIFIER = com.xvkun.tunewave.watchkitapp;
				PRODUCT_NAME = "$(TARGET_NAME)";
				PROVISIONING_PROFILE_SPECIFIER = "";
				"PROVISIONING_PROFILE_SPECIFIER[sdk=watchos*]" = TuneWaveWatchkitapp2024/07/16;
				SDKROOT = watchos;
				SKIP_INSTALL = YES;
				SWIFT_EMIT_LOC_STRINGS = YES;
				SWIFT_VERSION = 5.0;
				TARGETED_DEVICE_FAMILY = 4;
				WATCHOS_DEPLOYMENT_TARGET = 10.0;
			};
			name = Debug;
		};
		7CB3D28A2C1A6E44004A186D /* Release */ = {
			isa = XCBuildConfiguration;
			buildSettings = {
				ASSETCATALOG_COMPILER_APPICON_NAME = AppIcon;
				ASSETCATALOG_COMPILER_GLOBAL_ACCENT_COLOR_NAME = AccentColor;
				"CODE_SIGN_IDENTITY[sdk=watchos*]" = "iPhone Distribution";
				CODE_SIGN_STYLE = Manual;
				CURRENT_PROJECT_VERSION = 1;
				DEVELOPMENT_ASSET_PATHS = "\"TuneWave Watch App/Preview Content\"";
				DEVELOPMENT_TEAM = "";
				"DEVELOPMENT_TEAM[sdk=watchos*]" = HXPM794ZFN;
				ENABLE_PREVIEWS = YES;
				GENERATE_INFOPLIST_FILE = YES;
				INFOPLIST_FILE = "TuneWave-Watch-App-Info.plist";
				INFOPLIST_KEY_CFBundleDisplayName = "悦音音乐";
				INFOPLIST_KEY_UISupportedInterfaceOrientations = "UIInterfaceOrientationPortrait UIInterfaceOrientationPortraitUpsideDown";
				INFOPLIST_KEY_WKCompanionAppBundleIdentifier = com.xvkun.tunewave;
				INFOPLIST_KEY_WKRunsIndependentlyOfCompanionApp = YES;
				LD_RUNPATH_SEARCH_PATHS = (
					"$(inherited)",
					"@executable_path/Frameworks",
				);
				MARKETING_VERSION = 1.0;
				PRODUCT_BUNDLE_IDENTIFIER = com.xvkun.tunewave.watchkitapp;
				PRODUCT_NAME = "$(TARGET_NAME)";
				PROVISIONING_PROFILE_SPECIFIER = "";
				"PROVISIONING_PROFILE_SPECIFIER[sdk=watchos*]" = TuneWaveWatchkitapp2024/07/16;
				SDKROOT = watchos;
				SKIP_INSTALL = YES;
				SWIFT_EMIT_LOC_STRINGS = YES;
				SWIFT_VERSION = 5.0;
				TARGETED_DEVICE_FAMILY = 4;
				VALIDATE_PRODUCT = YES;
				WATCHOS_DEPLOYMENT_TARGET = 10.0;
			};
			name = Release;
		};
		7CB3D28D2C1A6E44004A186D /* Debug */ = {
			isa = XCBuildConfiguration;
			buildSettings = {
				ALWAYS_EMBED_SWIFT_STANDARD_LIBRARIES = YES;
				ASSETCATALOG_COMPILER_APPICON_NAME = AppIcon;
				ASSETCATALOG_COMPILER_GLOBAL_ACCENT_COLOR_NAME = AccentColor;
				"CODE_SIGN_IDENTITY[sdk=iphoneos*]" = "iPhone Distribution";
				CODE_SIGN_STYLE = Manual;
				CURRENT_PROJECT_VERSION = 1;
				DEVELOPMENT_ASSET_PATHS = "\"TuneWave/Preview Content\"";
				DEVELOPMENT_TEAM = "";
				"DEVELOPMENT_TEAM[sdk=iphoneos*]" = HXPM794ZFN;
				ENABLE_PREVIEWS = YES;
				GENERATE_INFOPLIST_FILE = YES;
				INFOPLIST_KEY_CFBundleDisplayName = "悦音音乐";
				INFOPLIST_KEY_UIApplicationSceneManifest_Generation = YES;
				INFOPLIST_KEY_UIApplicationSupportsIndirectInputEvents = YES;
				INFOPLIST_KEY_UILaunchScreen_Generation = YES;
				INFOPLIST_KEY_UISupportedInterfaceOrientations_iPad = "UIInterfaceOrientationPortrait UIInterfaceOrientationPortraitUpsideDown UIInterfaceOrientationLandscapeLeft UIInterfaceOrientationLandscapeRight";
				INFOPLIST_KEY_UISupportedInterfaceOrientations_iPhone = "UIInterfaceOrientationPortrait UIInterfaceOrientationLandscapeLeft UIInterfaceOrientationLandscapeRight";
				IPHONEOS_DEPLOYMENT_TARGET = 15.0;
				LD_RUNPATH_SEARCH_PATHS = (
					"$(inherited)",
					"@executable_path/Frameworks",
				);
				MARKETING_VERSION = 1.0;
				PRODUCT_BUNDLE_IDENTIFIER = com.xvkun.tunewave;
				PRODUCT_NAME = "$(TARGET_NAME)";
				PROVISIONING_PROFILE_SPECIFIER = "";
				"PROVISIONING_PROFILE_SPECIFIER[sdk=iphoneos*]" = TuneWave2024/07/16;
				SDKROOT = iphoneos;
				SWIFT_EMIT_LOC_STRINGS = YES;
				SWIFT_VERSION = 5.0;
				TARGETED_DEVICE_FAMILY = "1,2";
			};
			name = Debug;
		};
		7CB3D28E2C1A6E44004A186D /* Release */ = {
			isa = XCBuildConfiguration;
			buildSettings = {
				ALWAYS_EMBED_SWIFT_STANDARD_LIBRARIES = YES;
				ASSETCATALOG_COMPILER_APPICON_NAME = AppIcon;
				ASSETCATALOG_COMPILER_GLOBAL_ACCENT_COLOR_NAME = AccentColor;
				"CODE_SIGN_IDENTITY[sdk=iphoneos*]" = "iPhone Distribution";
				CODE_SIGN_STYLE = Manual;
				CURRENT_PROJECT_VERSION = 1;
				DEVELOPMENT_ASSET_PATHS = "\"TuneWave/Preview Content\"";
				DEVELOPMENT_TEAM = "";
				"DEVELOPMENT_TEAM[sdk=iphoneos*]" = HXPM794ZFN;
				ENABLE_PREVIEWS = YES;
				GENERATE_INFOPLIST_FILE = YES;
				INFOPLIST_KEY_CFBundleDisplayName = "悦音音乐";
				INFOPLIST_KEY_UIApplicationSceneManifest_Generation = YES;
				INFOPLIST_KEY_UIApplicationSupportsIndirectInputEvents = YES;
				INFOPLIST_KEY_UILaunchScreen_Generation = YES;
				INFOPLIST_KEY_UISupportedInterfaceOrientations_iPad = "UIInterfaceOrientationPortrait UIInterfaceOrientationPortraitUpsideDown UIInterfaceOrientationLandscapeLeft UIInterfaceOrientationLandscapeRight";
				INFOPLIST_KEY_UISupportedInterfaceOrientations_iPhone = "UIInterfaceOrientationPortrait UIInterfaceOrientationLandscapeLeft UIInterfaceOrientationLandscapeRight";
				IPHONEOS_DEPLOYMENT_TARGET = 15.0;
				LD_RUNPATH_SEARCH_PATHS = (
					"$(inherited)",
					"@executable_path/Frameworks",
				);
				MARKETING_VERSION = 1.0;
				PRODUCT_BUNDLE_IDENTIFIER = com.xvkun.tunewave;
				PRODUCT_NAME = "$(TARGET_NAME)";
				PROVISIONING_PROFILE_SPECIFIER = "";
				"PROVISIONING_PROFILE_SPECIFIER[sdk=iphoneos*]" = TuneWave2024/07/16;
				SDKROOT = iphoneos;
				SWIFT_EMIT_LOC_STRINGS = YES;
				SWIFT_VERSION = 5.0;
				TARGETED_DEVICE_FAMILY = "1,2";
				VALIDATE_PRODUCT = YES;
			};
			name = Release;
		};
		7CB3D2902C1A6E44004A186D /* Debug */ = {
			isa = XCBuildConfiguration;
			buildSettings = {
				ALWAYS_EMBED_SWIFT_STANDARD_LIBRARIES = YES;
				BUNDLE_LOADER = "$(TEST_HOST)";
				CODE_SIGN_STYLE = Manual;
				CURRENT_PROJECT_VERSION = 1;
				DEVELOPMENT_TEAM = "";
				GENERATE_INFOPLIST_FILE = YES;
				IPHONEOS_DEPLOYMENT_TARGET = 17.5;
				MARKETING_VERSION = 1.0;
				PRODUCT_BUNDLE_IDENTIFIER = com.xvkun.tunewaveTests;
				PRODUCT_NAME = "$(TARGET_NAME)";
				PROVISIONING_PROFILE_SPECIFIER = "";
				SDKROOT = iphoneos;
				SWIFT_EMIT_LOC_STRINGS = NO;
				SWIFT_VERSION = 5.0;
				TARGETED_DEVICE_FAMILY = "1,2";
				TEST_HOST = "$(BUILT_PRODUCTS_DIR)/TuneWave.app/$(BUNDLE_EXECUTABLE_FOLDER_PATH)/TuneWave";
			};
			name = Debug;
		};
		7CB3D2912C1A6E44004A186D /* Release */ = {
			isa = XCBuildConfiguration;
			buildSettings = {
				ALWAYS_EMBED_SWIFT_STANDARD_LIBRARIES = YES;
				BUNDLE_LOADER = "$(TEST_HOST)";
				CODE_SIGN_STYLE = Manual;
				CURRENT_PROJECT_VERSION = 1;
				DEVELOPMENT_TEAM = "";
				GENERATE_INFOPLIST_FILE = YES;
				IPHONEOS_DEPLOYMENT_TARGET = 17.5;
				MARKETING_VERSION = 1.0;
				PRODUCT_BUNDLE_IDENTIFIER = com.xvkun.tunewaveTests;
				PRODUCT_NAME = "$(TARGET_NAME)";
				PROVISIONING_PROFILE_SPECIFIER = "";
				SDKROOT = iphoneos;
				SWIFT_EMIT_LOC_STRINGS = NO;
				SWIFT_VERSION = 5.0;
				TARGETED_DEVICE_FAMILY = "1,2";
				TEST_HOST = "$(BUILT_PRODUCTS_DIR)/TuneWave.app/$(BUNDLE_EXECUTABLE_FOLDER_PATH)/TuneWave";
				VALIDATE_PRODUCT = YES;
			};
			name = Release;
		};
		7CB3D2932C1A6E44004A186D /* Debug */ = {
			isa = XCBuildConfiguration;
			buildSettings = {
				ALWAYS_EMBED_SWIFT_STANDARD_LIBRARIES = YES;
				CODE_SIGN_STYLE = Manual;
				CURRENT_PROJECT_VERSION = 1;
				DEVELOPMENT_TEAM = "";
				GENERATE_INFOPLIST_FILE = YES;
				IPHONEOS_DEPLOYMENT_TARGET = 17.5;
				MARKETING_VERSION = 1.0;
				PRODUCT_BUNDLE_IDENTIFIER = com.xvkun.tunewaveUITests;
				PRODUCT_NAME = "$(TARGET_NAME)";
				PROVISIONING_PROFILE_SPECIFIER = "";
				SDKROOT = iphoneos;
				SWIFT_EMIT_LOC_STRINGS = NO;
				SWIFT_VERSION = 5.0;
				TARGETED_DEVICE_FAMILY = "1,2";
				TEST_TARGET_NAME = TuneWave;
			};
			name = Debug;
		};
		7CB3D2942C1A6E44004A186D /* Release */ = {
			isa = XCBuildConfiguration;
			buildSettings = {
				ALWAYS_EMBED_SWIFT_STANDARD_LIBRARIES = YES;
				CODE_SIGN_STYLE = Manual;
				CURRENT_PROJECT_VERSION = 1;
				DEVELOPMENT_TEAM = "";
				GENERATE_INFOPLIST_FILE = YES;
				IPHONEOS_DEPLOYMENT_TARGET = 17.5;
				MARKETING_VERSION = 1.0;
				PRODUCT_BUNDLE_IDENTIFIER = com.xvkun.tunewaveUITests;
				PRODUCT_NAME = "$(TARGET_NAME)";
				PROVISIONING_PROFILE_SPECIFIER = "";
				SDKROOT = iphoneos;
				SWIFT_EMIT_LOC_STRINGS = NO;
				SWIFT_VERSION = 5.0;
				TARGETED_DEVICE_FAMILY = "1,2";
				TEST_TARGET_NAME = TuneWave;
				VALIDATE_PRODUCT = YES;
			};
			name = Release;
		};
		7CB3D2962C1A6E44004A186D /* Debug */ = {
			isa = XCBuildConfiguration;
			buildSettings = {
				ALWAYS_EMBED_SWIFT_STANDARD_LIBRARIES = YES;
				BUNDLE_LOADER = "$(TEST_HOST)";
				CODE_SIGN_IDENTITY = "Apple Development";
				CODE_SIGN_STYLE = Automatic;
				CURRENT_PROJECT_VERSION = 1;
				DEVELOPMENT_TEAM = "";
				GENERATE_INFOPLIST_FILE = YES;
				MARKETING_VERSION = 1.0;
				PRODUCT_BUNDLE_IDENTIFIER = "com.xvkun.tunewave-Watch-AppTests";
				PRODUCT_NAME = "$(TARGET_NAME)";
				PROVISIONING_PROFILE_SPECIFIER = "";
				SDKROOT = watchos;
				SWIFT_EMIT_LOC_STRINGS = NO;
				SWIFT_VERSION = 5.0;
				TARGETED_DEVICE_FAMILY = 4;
				TEST_HOST = "$(BUILT_PRODUCTS_DIR)/TuneWave Watch App.app/$(BUNDLE_EXECUTABLE_FOLDER_PATH)/TuneWave Watch App";
				WATCHOS_DEPLOYMENT_TARGET = 10.5;
			};
			name = Debug;
		};
		7CB3D2972C1A6E44004A186D /* Release */ = {
			isa = XCBuildConfiguration;
			buildSettings = {
				ALWAYS_EMBED_SWIFT_STANDARD_LIBRARIES = YES;
				BUNDLE_LOADER = "$(TEST_HOST)";
				CODE_SIGN_IDENTITY = "Apple Development";
				CODE_SIGN_STYLE = Automatic;
				CURRENT_PROJECT_VERSION = 1;
				DEVELOPMENT_TEAM = "";
				GENERATE_INFOPLIST_FILE = YES;
				MARKETING_VERSION = 1.0;
				PRODUCT_BUNDLE_IDENTIFIER = "com.xvkun.tunewave-Watch-AppTests";
				PRODUCT_NAME = "$(TARGET_NAME)";
				PROVISIONING_PROFILE_SPECIFIER = "";
				SDKROOT = watchos;
				SWIFT_EMIT_LOC_STRINGS = NO;
				SWIFT_VERSION = 5.0;
				TARGETED_DEVICE_FAMILY = 4;
				TEST_HOST = "$(BUILT_PRODUCTS_DIR)/TuneWave Watch App.app/$(BUNDLE_EXECUTABLE_FOLDER_PATH)/TuneWave Watch App";
				VALIDATE_PRODUCT = YES;
				WATCHOS_DEPLOYMENT_TARGET = 10.5;
			};
			name = Release;
		};
		7CB3D2992C1A6E44004A186D /* Debug */ = {
			isa = XCBuildConfiguration;
			buildSettings = {
				ALWAYS_EMBED_SWIFT_STANDARD_LIBRARIES = YES;
				CODE_SIGN_STYLE = Automatic;
				CURRENT_PROJECT_VERSION = 1;
				DEVELOPMENT_TEAM = HXPM794ZFN;
				GENERATE_INFOPLIST_FILE = YES;
				MARKETING_VERSION = 1.0;
				PRODUCT_BUNDLE_IDENTIFIER = "com.xvkun.tunewave-Watch-AppUITests";
				PRODUCT_NAME = "$(TARGET_NAME)";
				SDKROOT = watchos;
				SWIFT_EMIT_LOC_STRINGS = NO;
				SWIFT_VERSION = 5.0;
				TARGETED_DEVICE_FAMILY = 4;
				TEST_TARGET_NAME = "TuneWave Watch App";
				WATCHOS_DEPLOYMENT_TARGET = 10.5;
			};
			name = Debug;
		};
		7CB3D29A2C1A6E44004A186D /* Release */ = {
			isa = XCBuildConfiguration;
			buildSettings = {
				ALWAYS_EMBED_SWIFT_STANDARD_LIBRARIES = YES;
				CODE_SIGN_STYLE = Automatic;
				CURRENT_PROJECT_VERSION = 1;
				DEVELOPMENT_TEAM = HXPM794ZFN;
				GENERATE_INFOPLIST_FILE = YES;
				MARKETING_VERSION = 1.0;
				PRODUCT_BUNDLE_IDENTIFIER = "com.xvkun.tunewave-Watch-AppUITests";
				PRODUCT_NAME = "$(TARGET_NAME)";
				SDKROOT = watchos;
				SWIFT_EMIT_LOC_STRINGS = NO;
				SWIFT_VERSION = 5.0;
				TARGETED_DEVICE_FAMILY = 4;
				TEST_TARGET_NAME = "TuneWave Watch App";
				VALIDATE_PRODUCT = YES;
				WATCHOS_DEPLOYMENT_TARGET = 10.5;
			};
			name = Release;
		};
/* End XCBuildConfiguration section */

/* Begin XCConfigurationList section */
		7CB3D2372C1A6E41004A186D /* Build configuration list for PBXProject "TuneWave" */ = {
			isa = XCConfigurationList;
			buildConfigurations = (
				7CB3D2862C1A6E44004A186D /* Debug */,
				7CB3D2872C1A6E44004A186D /* Release */,
			);
			defaultConfigurationIsVisible = 0;
			defaultConfigurationName = Release;
		};
		7CB3D2882C1A6E44004A186D /* Build configuration list for PBXNativeTarget "TuneWave Watch App" */ = {
			isa = XCConfigurationList;
			buildConfigurations = (
				7CB3D2892C1A6E44004A186D /* Debug */,
				7CB3D28A2C1A6E44004A186D /* Release */,
			);
			defaultConfigurationIsVisible = 0;
			defaultConfigurationName = Release;
		};
		7CB3D28C2C1A6E44004A186D /* Build configuration list for PBXNativeTarget "TuneWave" */ = {
			isa = XCConfigurationList;
			buildConfigurations = (
				7CB3D28D2C1A6E44004A186D /* Debug */,
				7CB3D28E2C1A6E44004A186D /* Release */,
			);
			defaultConfigurationIsVisible = 0;
			defaultConfigurationName = Release;
		};
		7CB3D28F2C1A6E44004A186D /* Build configuration list for PBXNativeTarget "TuneWaveTests" */ = {
			isa = XCConfigurationList;
			buildConfigurations = (
				7CB3D2902C1A6E44004A186D /* Debug */,
				7CB3D2912C1A6E44004A186D /* Release */,
			);
			defaultConfigurationIsVisible = 0;
			defaultConfigurationName = Release;
		};
		7CB3D2922C1A6E44004A186D /* Build configuration list for PBXNativeTarget "TuneWaveUITests" */ = {
			isa = XCConfigurationList;
			buildConfigurations = (
				7CB3D2932C1A6E44004A186D /* Debug */,
				7CB3D2942C1A6E44004A186D /* Release */,
			);
			defaultConfigurationIsVisible = 0;
			defaultConfigurationName = Release;
		};
		7CB3D2952C1A6E44004A186D /* Build configuration list for PBXNativeTarget "TuneWave Watch AppTests" */ = {
			isa = XCConfigurationList;
			buildConfigurations = (
				7CB3D2962C1A6E44004A186D /* Debug */,
				7CB3D2972C1A6E44004A186D /* Release */,
			);
			defaultConfigurationIsVisible = 0;
			defaultConfigurationName = Release;
		};
		7CB3D2982C1A6E44004A186D /* Build configuration list for PBXNativeTarget "TuneWave Watch AppUITests" */ = {
			isa = XCConfigurationList;
			buildConfigurations = (
				7CB3D2992C1A6E44004A186D /* Debug */,
				7CB3D29A2C1A6E44004A186D /* Release */,
			);
			defaultConfigurationIsVisible = 0;
			defaultConfigurationName = Release;
		};
/* End XCConfigurationList section */

/* Begin XCRemoteSwiftPackageReference section */
		7C310EAE2C454FD600E9143F /* XCRemoteSwiftPackageReference "SDWebImageSwiftUI" */ = {
			isa = XCRemoteSwiftPackageReference;
			repositoryURL = "https://github.com/SDWebImage/SDWebImageSwiftUI";
			requirement = {
				kind = upToNextMajorVersion;
				minimumVersion = 3.1.1;
			};
		};
		7C44BA112C1C7DC7008DB511 /* XCRemoteSwiftPackageReference "Alamofire" */ = {
			isa = XCRemoteSwiftPackageReference;
			repositoryURL = "https://github.com/Alamofire/Alamofire.git";
			requirement = {
				kind = upToNextMajorVersion;
				minimumVersion = 5.9.1;
			};
		};
		7C44BA162C1C7DDC008DB511 /* XCRemoteSwiftPackageReference "SwiftyJSON" */ = {
			isa = XCRemoteSwiftPackageReference;
			repositoryURL = "https://github.com/SwiftyJSON/SwiftyJSON.git";
			requirement = {
				kind = upToNextMajorVersion;
				minimumVersion = 5.0.2;
			};
		};
		7C91BBEA2CA3AB6E00877F71 /* XCRemoteSwiftPackageReference "EFQRCode" */ = {
			isa = XCRemoteSwiftPackageReference;
			repositoryURL = "https://github.com/EFPrefix/EFQRCode";
			requirement = {
				branch = main;
				kind = branch;
			};
		};
/* End XCRemoteSwiftPackageReference section */

/* Begin XCSwiftPackageProductDependency section */
		7C310EAF2C454FD600E9143F /* SDWebImageSwiftUI */ = {
			isa = XCSwiftPackageProductDependency;
			package = 7C310EAE2C454FD600E9143F /* XCRemoteSwiftPackageReference "SDWebImageSwiftUI" */;
			productName = SDWebImageSwiftUI;
		};
		7C44BA122C1C7DC7008DB511 /* Alamofire */ = {
			isa = XCSwiftPackageProductDependency;
			package = 7C44BA112C1C7DC7008DB511 /* XCRemoteSwiftPackageReference "Alamofire" */;
			productName = Alamofire;
		};
		7C44BA172C1C7DDC008DB511 /* SwiftyJSON */ = {
			isa = XCSwiftPackageProductDependency;
			package = 7C44BA162C1C7DDC008DB511 /* XCRemoteSwiftPackageReference "SwiftyJSON" */;
			productName = SwiftyJSON;
		};
		7C91BBEB2CA3AB6E00877F71 /* EFQRCode */ = {
			isa = XCSwiftPackageProductDependency;
			package = 7C91BBEA2CA3AB6E00877F71 /* XCRemoteSwiftPackageReference "EFQRCode" */;
			productName = EFQRCode;
		};
/* End XCSwiftPackageProductDependency section */
	};
	rootObject = 7CB3D2342C1A6E41004A186D /* Project object */;
}
